// !$*UTF8*$!
{
	archiveVersion = 1;
	classes = {
	};
	objectVersion = 46;
	objects = {

/* Begin PBXBuildFile section */
		795EA90F1F13A94900752A68 /* Info.plist in Resources */ = {isa = PBXBuildFile; fileRef = 795EA90E1F13A94900752A68 /* Info.plist */; };
		E6C2E42BCADA0484D873AF0D /* Pods_Cardee.framework in Frameworks */ = {isa = PBXBuildFile; fileRef = C56DFBB096498260E3F2FDBD /* Pods_Cardee.framework */; };
		E80BD6201EE9596800775CE6 /* Car.swift in Sources */ = {isa = PBXBuildFile; fileRef = E80BD61F1EE9596800775CE6 /* Car.swift */; };
		E80CAC851EBB08530087B919 /* CardeeViewController.swift in Sources */ = {isa = PBXBuildFile; fileRef = E80CAC841EBB08530087B919 /* CardeeViewController.swift */; };
		E80CAC881EBB0A3C0087B919 /* MyCarsViewController.swift in Sources */ = {isa = PBXBuildFile; fileRef = E80CAC871EBB0A3C0087B919 /* MyCarsViewController.swift */; };
		E80CAC8C1EBB0B030087B919 /* CarTableViewCell.swift in Sources */ = {isa = PBXBuildFile; fileRef = E80CAC8B1EBB0B030087B919 /* CarTableViewCell.swift */; };
		E80CAC8F1EBB52A40087B919 /* Mazda.jpg in Resources */ = {isa = PBXBuildFile; fileRef = E80CAC8E1EBB52A40087B919 /* Mazda.jpg */; };
		E81437F91EEFE4000089E919 /* EditDetailRentalDeliveryRatesTableViewController.swift in Sources */ = {isa = PBXBuildFile; fileRef = E81437F81EEFE4000089E919 /* EditDetailRentalDeliveryRatesTableViewController.swift */; };
		E81437FB1EF023370089E919 /* EditDetailRentalRatesTableViewController.swift in Sources */ = {isa = PBXBuildFile; fileRef = E81437FA1EF023370089E919 /* EditDetailRentalRatesTableViewController.swift */; };
		E81437FD1EF03BFD0089E919 /* EditDetailRentalFuelPolicyTableViewController.swift in Sources */ = {isa = PBXBuildFile; fileRef = E81437FC1EF03BFD0089E919 /* EditDetailRentalFuelPolicyTableViewController.swift */; };
		E82193E81EE7020A00D14753 /* Methods.swift in Sources */ = {isa = PBXBuildFile; fileRef = E82193E71EE7020A00D14753 /* Methods.swift */; };
		E82193EB1EE7F63600D14753 /* OwnerProfile.swift in Sources */ = {isa = PBXBuildFile; fileRef = E82193EA1EE7F63600D14753 /* OwnerProfile.swift */; };
		E82193EE1EE7F7F600D14753 /* SimpleCar.swift in Sources */ = {isa = PBXBuildFile; fileRef = E82193ED1EE7F7F600D14753 /* SimpleCar.swift */; };
		E82193F01EE8181800D14753 /* CardeeTabBarController.swift in Sources */ = {isa = PBXBuildFile; fileRef = E82193EF1EE8181800D14753 /* CardeeTabBarController.swift */; };
		E823DDB31EBE0C5B006C92DF /* AddCarViewController.swift in Sources */ = {isa = PBXBuildFile; fileRef = E823DDB21EBE0C5B006C92DF /* AddCarViewController.swift */; };
		E823DDB71EBE0D6D006C92DF /* AddCarTableViewCell.swift in Sources */ = {isa = PBXBuildFile; fileRef = E823DDB61EBE0D6D006C92DF /* AddCarTableViewCell.swift */; };
		E823DDB91EBE235E006C92DF /* AddVehicleTypeViewController.swift in Sources */ = {isa = PBXBuildFile; fileRef = E823DDB81EBE235E006C92DF /* AddVehicleTypeViewController.swift */; };
		E823DDBB1EBE3268006C92DF /* VehicleTypeTableViewCell.swift in Sources */ = {isa = PBXBuildFile; fileRef = E823DDBA1EBE3268006C92DF /* VehicleTypeTableViewCell.swift */; };
		E823DDBD1EBE459A006C92DF /* NextButtonObject.swift in Sources */ = {isa = PBXBuildFile; fileRef = E823DDBC1EBE459A006C92DF /* NextButtonObject.swift */; };
		E823DDBF1EBE47A2006C92DF /* NextButtonView.swift in Sources */ = {isa = PBXBuildFile; fileRef = E823DDBE1EBE47A2006C92DF /* NextButtonView.swift */; };
		E823DDC21EBF69B4006C92DF /* InsuranceInfoViewController.swift in Sources */ = {isa = PBXBuildFile; fileRef = E823DDC11EBF69B4006C92DF /* InsuranceInfoViewController.swift */; };
		E823DDC41EBF6A53006C92DF /* InsuranceInfoTableViewCell.swift in Sources */ = {isa = PBXBuildFile; fileRef = E823DDC31EBF6A53006C92DF /* InsuranceInfoTableViewCell.swift */; };
		E823DDC71EBF79A1006C92DF /* InsuranceInfoExampleTableViewCell.swift in Sources */ = {isa = PBXBuildFile; fileRef = E823DDC61EBF79A1006C92DF /* InsuranceInfoExampleTableViewCell.swift */; };
		E823DDC91EBF86CD006C92DF /* AddCarInfoViewController.swift in Sources */ = {isa = PBXBuildFile; fileRef = E823DDC81EBF86CD006C92DF /* AddCarInfoViewController.swift */; };
		E823DDCB1EBF87ED006C92DF /* AddCarInfoTableViewCell.swift in Sources */ = {isa = PBXBuildFile; fileRef = E823DDCA1EBF87ED006C92DF /* AddCarInfoTableViewCell.swift */; };
		E823DDCD1EBFA6EA006C92DF /* AddCarVerificationImageViewController.swift in Sources */ = {isa = PBXBuildFile; fileRef = E823DDCC1EBFA6EA006C92DF /* AddCarVerificationImageViewController.swift */; };
		E823DDD21EBFB592006C92DF /* AddCarLocationViewController.swift in Sources */ = {isa = PBXBuildFile; fileRef = E823DDD11EBFB592006C92DF /* AddCarLocationViewController.swift */; };
		E823DDD51EC04F24006C92DF /* CarLocationView.swift in Sources */ = {isa = PBXBuildFile; fileRef = E823DDD41EC04F24006C92DF /* CarLocationView.swift */; };
		E823DDD71EC05503006C92DF /* HideExactLocationView.swift in Sources */ = {isa = PBXBuildFile; fileRef = E823DDD61EC05503006C92DF /* HideExactLocationView.swift */; };
		E823DDDB1EC09651006C92DF /* AddDocumentsTableViewCell.swift in Sources */ = {isa = PBXBuildFile; fileRef = E823DDDA1EC09651006C92DF /* AddDocumentsTableViewCell.swift */; };
		E823DDDD1EC09C67006C92DF /* AddCarDocumentsViewController.swift in Sources */ = {isa = PBXBuildFile; fileRef = E823DDDC1EC09C67006C92DF /* AddCarDocumentsViewController.swift */; };
		E823DDDF1EC0AAA7006C92DF /* AddPersonalDocumentsViewController.swift in Sources */ = {isa = PBXBuildFile; fileRef = E823DDDE1EC0AAA7006C92DF /* AddPersonalDocumentsViewController.swift */; };
		E823DDE11EC0B466006C92DF /* AddContactInfoViewController.swift in Sources */ = {isa = PBXBuildFile; fileRef = E823DDE01EC0B466006C92DF /* AddContactInfoViewController.swift */; };
		E8255AAA1ECDD9B00030AFA7 /* MoreProfileViewController.swift in Sources */ = {isa = PBXBuildFile; fileRef = E8255AA91ECDD9B00030AFA7 /* MoreProfileViewController.swift */; };
		E8255AAD1ECDDA090030AFA7 /* ProfileHeaderTableViewCell.swift in Sources */ = {isa = PBXBuildFile; fileRef = E8255AAC1ECDDA090030AFA7 /* ProfileHeaderTableViewCell.swift */; };
		E8255AAF1ECDDA290030AFA7 /* ProfileListItemTableViewCell.swift in Sources */ = {isa = PBXBuildFile; fileRef = E8255AAE1ECDDA290030AFA7 /* ProfileListItemTableViewCell.swift */; };
		E8255AB31ECEDE050030AFA7 /* RenterProfileViewController.swift in Sources */ = {isa = PBXBuildFile; fileRef = E8255AB21ECEDE050030AFA7 /* RenterProfileViewController.swift */; };
		E8255AB71ECEDECE0030AFA7 /* RenterProfileHeaderTableViewCell.swift in Sources */ = {isa = PBXBuildFile; fileRef = E8255AB61ECEDECE0030AFA7 /* RenterProfileHeaderTableViewCell.swift */; };
		E828253A1EF12A9D0031778B /* EditRentalTermsRequirementsTableViewController.swift in Sources */ = {isa = PBXBuildFile; fileRef = E82825391EF12A9D0031778B /* EditRentalTermsRequirementsTableViewController.swift */; };
		E828253C1EF1396C0031778B /* EditRentaTermsTableViewController.swift in Sources */ = {isa = PBXBuildFile; fileRef = E828253B1EF1396C0031778B /* EditRentaTermsTableViewController.swift */; };
		E82DA8FE1EFD1034005E257A /* CAPSPageMenu.swift in Sources */ = {isa = PBXBuildFile; fileRef = E82DA8EF1EFD1034005E257A /* CAPSPageMenu.swift */; };
		E82DA8FF1EFD1034005E257A /* CAPSPageMenu+Options.swift in Sources */ = {isa = PBXBuildFile; fileRef = E82DA8F01EFD1034005E257A /* CAPSPageMenu+Options.swift */; };
		E82DA9001EFD1034005E257A /* CAPSPageMenu+UIConfiguration.swift in Sources */ = {isa = PBXBuildFile; fileRef = E82DA8F11EFD1034005E257A /* CAPSPageMenu+UIConfiguration.swift */; };
		E82DA9011EFD1034005E257A /* CAPSPageMenu+UIGestureRecognizerDelegate.swift in Sources */ = {isa = PBXBuildFile; fileRef = E82DA8F21EFD1034005E257A /* CAPSPageMenu+UIGestureRecognizerDelegate.swift */; };
		E82DA9021EFD1034005E257A /* CAPSPageMenu+UIScrollViewDelegate.swift in Sources */ = {isa = PBXBuildFile; fileRef = E82DA8F31EFD1034005E257A /* CAPSPageMenu+UIScrollViewDelegate.swift */; };
		E82DA9031EFD1034005E257A /* CAPSPageMenuConfiguration.swift in Sources */ = {isa = PBXBuildFile; fileRef = E82DA8F41EFD1034005E257A /* CAPSPageMenuConfiguration.swift */; };
		E82DA9041EFD1034005E257A /* MenuItemView.swift in Sources */ = {isa = PBXBuildFile; fileRef = E82DA8F51EFD1034005E257A /* MenuItemView.swift */; };
		E82DA9051EFD1034005E257A /* Info.plist in Resources */ = {isa = PBXBuildFile; fileRef = E82DA8F61EFD1034005E257A /* Info.plist */; };
		E82DA9061EFD1034005E257A /* PageMenu.xcconfig in Resources */ = {isa = PBXBuildFile; fileRef = E82DA8F81EFD1034005E257A /* PageMenu.xcconfig */; };
		E82DA9071EFD1034005E257A /* PageMenu-dummy.m in Sources */ = {isa = PBXBuildFile; fileRef = E82DA8F91EFD1034005E257A /* PageMenu-dummy.m */; };
		E82DA9301EFD1062005E257A /* FSCalendar.m in Sources */ = {isa = PBXBuildFile; fileRef = E82DA9091EFD1062005E257A /* FSCalendar.m */; };
		E82DA9311EFD1062005E257A /* FSCalendar+Deprecated.m in Sources */ = {isa = PBXBuildFile; fileRef = E82DA90A1EFD1062005E257A /* FSCalendar+Deprecated.m */; };
		E82DA9321EFD1062005E257A /* FSCalendarAppearance.m in Sources */ = {isa = PBXBuildFile; fileRef = E82DA90C1EFD1062005E257A /* FSCalendarAppearance.m */; };
		E82DA9331EFD1062005E257A /* FSCalendarCalculator.m in Sources */ = {isa = PBXBuildFile; fileRef = E82DA90E1EFD1062005E257A /* FSCalendarCalculator.m */; };
		E82DA9341EFD1062005E257A /* FSCalendarCell.m in Sources */ = {isa = PBXBuildFile; fileRef = E82DA9101EFD1062005E257A /* FSCalendarCell.m */; };
		E82DA9351EFD1062005E257A /* FSCalendarCollectionView.m in Sources */ = {isa = PBXBuildFile; fileRef = E82DA9121EFD1062005E257A /* FSCalendarCollectionView.m */; };
		E82DA9361EFD1062005E257A /* FSCalendarCollectionViewLayout.m in Sources */ = {isa = PBXBuildFile; fileRef = E82DA9141EFD1062005E257A /* FSCalendarCollectionViewLayout.m */; };
		E82DA9371EFD1062005E257A /* FSCalendarConstants.m in Sources */ = {isa = PBXBuildFile; fileRef = E82DA9161EFD1062005E257A /* FSCalendarConstants.m */; };
		E82DA9381EFD1062005E257A /* FSCalendarDelegationFactory.m in Sources */ = {isa = PBXBuildFile; fileRef = E82DA9181EFD1062005E257A /* FSCalendarDelegationFactory.m */; };
		E82DA9391EFD1062005E257A /* FSCalendarDelegationProxy.m in Sources */ = {isa = PBXBuildFile; fileRef = E82DA91A1EFD1062005E257A /* FSCalendarDelegationProxy.m */; };
		E82DA93A1EFD1062005E257A /* FSCalendarExtensions.m in Sources */ = {isa = PBXBuildFile; fileRef = E82DA91D1EFD1062005E257A /* FSCalendarExtensions.m */; };
		E82DA93B1EFD1062005E257A /* FSCalendarHeaderView.m in Sources */ = {isa = PBXBuildFile; fileRef = E82DA91F1EFD1062005E257A /* FSCalendarHeaderView.m */; };
		E82DA93C1EFD1062005E257A /* FSCalendarScopeHandle.m in Sources */ = {isa = PBXBuildFile; fileRef = E82DA9211EFD1062005E257A /* FSCalendarScopeHandle.m */; };
		E82DA93D1EFD1062005E257A /* FSCalendarStickyHeader.m in Sources */ = {isa = PBXBuildFile; fileRef = E82DA9231EFD1062005E257A /* FSCalendarStickyHeader.m */; };
		E82DA93E1EFD1062005E257A /* FSCalendarTransitionCoordinator.m in Sources */ = {isa = PBXBuildFile; fileRef = E82DA9251EFD1062005E257A /* FSCalendarTransitionCoordinator.m */; };
		E82DA93F1EFD1062005E257A /* FSCalendarWeekdayView.m in Sources */ = {isa = PBXBuildFile; fileRef = E82DA9271EFD1062005E257A /* FSCalendarWeekdayView.m */; };
		E82DA9401EFD1062005E257A /* FSCalendar.xcconfig in Resources */ = {isa = PBXBuildFile; fileRef = E82DA9291EFD1062005E257A /* FSCalendar.xcconfig */; };
		E82DA9411EFD1062005E257A /* FSCalendar-dummy.m in Sources */ = {isa = PBXBuildFile; fileRef = E82DA92A1EFD1062005E257A /* FSCalendar-dummy.m */; };
		E82DA9421EFD1062005E257A /* Info.plist in Resources */ = {isa = PBXBuildFile; fileRef = E82DA92D1EFD1062005E257A /* Info.plist */; };
		E82ECFA11EB090F600685F0F /* SignUpView.swift in Sources */ = {isa = PBXBuildFile; fileRef = E82ECFA01EB090F600685F0F /* SignUpView.swift */; };
		E85E28091EE572AC00438789 /* AlamofireManager.swift in Sources */ = {isa = PBXBuildFile; fileRef = E85E28081EE572AC00438789 /* AlamofireManager.swift */; };
		E85E280B1EE6886E00438789 /* NetworkingConstants.swift in Sources */ = {isa = PBXBuildFile; fileRef = E85E280A1EE6886E00438789 /* NetworkingConstants.swift */; };
		E85E280D1EE6889600438789 /* CustomTypes.swift in Sources */ = {isa = PBXBuildFile; fileRef = E85E280C1EE6889600438789 /* CustomTypes.swift */; };
		E85E280F1EE688C800438789 /* ControllersConstants.swift in Sources */ = {isa = PBXBuildFile; fileRef = E85E280E1EE688C800438789 /* ControllersConstants.swift */; };
		E85E28121EE69A8500438789 /* CardeeAlert.swift in Sources */ = {isa = PBXBuildFile; fileRef = E85E28111EE69A8500438789 /* CardeeAlert.swift */; };
		E85E28151EE6C61E00438789 /* GoogleService-Info.plist in Resources */ = {isa = PBXBuildFile; fileRef = E85E28141EE6C61E00438789 /* GoogleService-Info.plist */; };
		E862A1CA1ED4237C00AE84FF /* SettingsViewController.swift in Sources */ = {isa = PBXBuildFile; fileRef = E862A1C91ED4237C00AE84FF /* SettingsViewController.swift */; };
		E862A1CD1ED4273300AE84FF /* BrowseViewController.swift in Sources */ = {isa = PBXBuildFile; fileRef = E862A1CC1ED4273300AE84FF /* BrowseViewController.swift */; };
		E862A1D01ED430F200AE84FF /* CalendarViewController.swift in Sources */ = {isa = PBXBuildFile; fileRef = E862A1CF1ED430F200AE84FF /* CalendarViewController.swift */; };
		E862A1D61ED43E6900AE84FF /* DIYCalendarCell.swift in Sources */ = {isa = PBXBuildFile; fileRef = E862A1D51ED43E6900AE84FF /* DIYCalendarCell.swift */; };
		E8665E991EF3CF60001380B1 /* EditRentalRatesWrapperViewController.swift in Sources */ = {isa = PBXBuildFile; fileRef = E8665E981EF3CF60001380B1 /* EditRentalRatesWrapperViewController.swift */; };
		E8665E9C1EF3F608001380B1 /* EditFuelPolicyWrapperViewController.swift in Sources */ = {isa = PBXBuildFile; fileRef = E8665E9B1EF3F608001380B1 /* EditFuelPolicyWrapperViewController.swift */; };
		E873B6E01ED308840031692E /* ButtonTableViewCell.swift in Sources */ = {isa = PBXBuildFile; fileRef = E873B6DF1ED308840031692E /* ButtonTableViewCell.swift */; };
		E873B6E21ED30C4D0031692E /* PaymentMethodTableViewCell.swift in Sources */ = {isa = PBXBuildFile; fileRef = E873B6E11ED30C4D0031692E /* PaymentMethodTableViewCell.swift */; };
		E87F36001EA6036D00AC4DA4 /* AppDelegate.swift in Sources */ = {isa = PBXBuildFile; fileRef = E87F35FF1EA6036D00AC4DA4 /* AppDelegate.swift */; };
		E87F36021EA6036D00AC4DA4 /* LoginViewController.swift in Sources */ = {isa = PBXBuildFile; fileRef = E87F36011EA6036D00AC4DA4 /* LoginViewController.swift */; };
		E87F36051EA6036D00AC4DA4 /* Main.storyboard in Resources */ = {isa = PBXBuildFile; fileRef = E87F36031EA6036D00AC4DA4 /* Main.storyboard */; };
		E87F36081EA6036D00AC4DA4 /* Cardee.xcdatamodeld in Sources */ = {isa = PBXBuildFile; fileRef = E87F36061EA6036D00AC4DA4 /* Cardee.xcdatamodeld */; };
		E87F360A1EA6036D00AC4DA4 /* Assets.xcassets in Resources */ = {isa = PBXBuildFile; fileRef = E87F36091EA6036D00AC4DA4 /* Assets.xcassets */; };
		E87F360D1EA6036D00AC4DA4 /* LaunchScreen.storyboard in Resources */ = {isa = PBXBuildFile; fileRef = E87F360B1EA6036D00AC4DA4 /* LaunchScreen.storyboard */; };
		E87F36171EA6059500AC4DA4 /* LoginView.swift in Sources */ = {isa = PBXBuildFile; fileRef = E87F36161EA6059500AC4DA4 /* LoginView.swift */; };
		E87F361B1EA6060C00AC4DA4 /* GlobalConstants.swift in Sources */ = {isa = PBXBuildFile; fileRef = E87F361A1EA6060C00AC4DA4 /* GlobalConstants.swift */; };
		E87F361E1EA6112500AC4DA4 /* LoginTextField.swift in Sources */ = {isa = PBXBuildFile; fileRef = E87F361D1EA6112500AC4DA4 /* LoginTextField.swift */; };
		E87F36201EA62A7100AC4DA4 /* SocianLoginView.swift in Sources */ = {isa = PBXBuildFile; fileRef = E87F361F1EA62A7100AC4DA4 /* SocianLoginView.swift */; };
		E87F36231EA62FF200AC4DA4 /* SocialButton.swift in Sources */ = {isa = PBXBuildFile; fileRef = E87F36221EA62FF200AC4DA4 /* SocialButton.swift */; };
		E88013DD1ED2B4EE00F41CC2 /* AccountDetailsViewController.swift in Sources */ = {isa = PBXBuildFile; fileRef = E88013DC1ED2B4EE00F41CC2 /* AccountDetailsViewController.swift */; };
		E88BC6831EDFD3C600199ECD /* EditDetailCarDescriptionViewController.swift in Sources */ = {isa = PBXBuildFile; fileRef = E88BC6821EDFD3C600199ECD /* EditDetailCarDescriptionViewController.swift */; };
		E88BC6851EDFDD6100199ECD /* EditDetailCarLocationViewController.swift in Sources */ = {isa = PBXBuildFile; fileRef = E88BC6841EDFDD6100199ECD /* EditDetailCarLocationViewController.swift */; };
		E88E3EEB1EB48BDC00D4AD16 /* LauncherViewController.swift in Sources */ = {isa = PBXBuildFile; fileRef = E88E3EEA1EB48BDC00D4AD16 /* LauncherViewController.swift */; };
		E8B21B631EB1D66C007E90A9 /* OwnerProfileViewController.swift in Sources */ = {isa = PBXBuildFile; fileRef = E8B21B621EB1D66C007E90A9 /* OwnerProfileViewController.swift */; };
		E8B21B661EB1D7E0007E90A9 /* OwnerInfoTableViewCell.swift in Sources */ = {isa = PBXBuildFile; fileRef = E8B21B651EB1D7E0007E90A9 /* OwnerInfoTableViewCell.swift */; };
		E8B21B681EB1E3B1007E90A9 /* OwnerFeaturesView.swift in Sources */ = {isa = PBXBuildFile; fileRef = E8B21B671EB1E3B1007E90A9 /* OwnerFeaturesView.swift */; };
		E8C19C9A1EDEEE3B00BF59F7 /* DetailCarImageTableViewCell.swift in Sources */ = {isa = PBXBuildFile; fileRef = E8C19C991EDEEE3B00BF59F7 /* DetailCarImageTableViewCell.swift */; };
		E8C19C9C1EDEEE6700BF59F7 /* DetailCarInfoTableViewCell.swift in Sources */ = {isa = PBXBuildFile; fileRef = E8C19C9B1EDEEE6700BF59F7 /* DetailCarInfoTableViewCell.swift */; };
		E8C19C9E1EDF0A9300BF59F7 /* DetailRentalViewController.swift in Sources */ = {isa = PBXBuildFile; fileRef = E8C19C9D1EDF0A9300BF59F7 /* DetailRentalViewController.swift */; };
		E8C19CA01EDF411000BF59F7 /* DetailRentalAvailabilityTableViewCell.swift in Sources */ = {isa = PBXBuildFile; fileRef = E8C19C9F1EDF411000BF59F7 /* DetailRentalAvailabilityTableViewCell.swift */; };
		E8C19CA21EDF418100BF59F7 /* DetailRentalSettingsTableViewCell.swift in Sources */ = {isa = PBXBuildFile; fileRef = E8C19CA11EDF418100BF59F7 /* DetailRentalSettingsTableViewCell.swift */; };
		E8C19CA41EDF41B000BF59F7 /* DetailRentalRatesTableViewCell.swift in Sources */ = {isa = PBXBuildFile; fileRef = E8C19CA31EDF41B000BF59F7 /* DetailRentalRatesTableViewCell.swift */; };
		E8C19CA61EDF41D700BF59F7 /* DetailRentalFuelTableViewCell.swift in Sources */ = {isa = PBXBuildFile; fileRef = E8C19CA51EDF41D700BF59F7 /* DetailRentalFuelTableViewCell.swift */; };
		E8C19CA81EDF420000BF59F7 /* DetailRentalTermsTableViewCell.swift in Sources */ = {isa = PBXBuildFile; fileRef = E8C19CA71EDF420000BF59F7 /* DetailRentalTermsTableViewCell.swift */; };
		E8E30CB81EF80A5B000ED5F7 /* CardeePickerViewController.swift in Sources */ = {isa = PBXBuildFile; fileRef = E8E30CB71EF80A5B000ED5F7 /* CardeePickerViewController.swift */; };
		E8E72AFE1EB309E900FEC460 /* OwnerDescriptionTableViewCell.swift in Sources */ = {isa = PBXBuildFile; fileRef = E8E72AFD1EB309E900FEC460 /* OwnerDescriptionTableViewCell.swift */; };
		E8E72B001EB314B500FEC460 /* OwnerCarReviewTableViewCell.swift in Sources */ = {isa = PBXBuildFile; fileRef = E8E72AFF1EB314B500FEC460 /* OwnerCarReviewTableViewCell.swift */; };
		E8E72B021EB32AE900FEC460 /* OwnerCarsCarouselTableViewCell.swift in Sources */ = {isa = PBXBuildFile; fileRef = E8E72B011EB32AE900FEC460 /* OwnerCarsCarouselTableViewCell.swift */; };
		E8E72B041EB3308900FEC460 /* CarCarouselView.swift in Sources */ = {isa = PBXBuildFile; fileRef = E8E72B031EB3308900FEC460 /* CarCarouselView.swift */; };
		E8EC9F141EDDF86C004AF6A0 /* NewCar.swift in Sources */ = {isa = PBXBuildFile; fileRef = E8EC9F131EDDF86C004AF6A0 /* NewCar.swift */; };
		E8EC9F181EDDFCF6004AF6A0 /* InsuranceInfo.swift in Sources */ = {isa = PBXBuildFile; fileRef = E8EC9F171EDDFCF6004AF6A0 /* InsuranceInfo.swift */; };
		E8EC9F1A1EDE86AA004AF6A0 /* CarInfo.swift in Sources */ = {isa = PBXBuildFile; fileRef = E8EC9F191EDE86AA004AF6A0 /* CarInfo.swift */; };
		E8EC9F1C1EDEA09F004AF6A0 /* CarVerification.swift in Sources */ = {isa = PBXBuildFile; fileRef = E8EC9F1B1EDEA09F004AF6A0 /* CarVerification.swift */; };
		E8EC9F1E1EDEA9F6004AF6A0 /* CarLocation.swift in Sources */ = {isa = PBXBuildFile; fileRef = E8EC9F1D1EDEA9F6004AF6A0 /* CarLocation.swift */; };
		E8EC9F201EDEAE6B004AF6A0 /* CarDocuments.swift in Sources */ = {isa = PBXBuildFile; fileRef = E8EC9F1F1EDEAE6B004AF6A0 /* CarDocuments.swift */; };
		E8EC9F221EDEB651004AF6A0 /* PersonalDocuments.swift in Sources */ = {isa = PBXBuildFile; fileRef = E8EC9F211EDEB651004AF6A0 /* PersonalDocuments.swift */; };
		E8EC9F241EDEBDCA004AF6A0 /* ContactInfo.swift in Sources */ = {isa = PBXBuildFile; fileRef = E8EC9F231EDEBDCA004AF6A0 /* ContactInfo.swift */; };
		E8EC9F261EDEDEF1004AF6A0 /* VCViewController.swift in Sources */ = {isa = PBXBuildFile; fileRef = E8EC9F251EDEDEF1004AF6A0 /* VCViewController.swift */; };
		E8EC9F291EDEE5C7004AF6A0 /* DetailCarViewController.swift in Sources */ = {isa = PBXBuildFile; fileRef = E8EC9F281EDEE5C7004AF6A0 /* DetailCarViewController.swift */; };
/* End PBXBuildFile section */

/* Begin PBXFileReference section */
		4732730EB245677CC1EE2BD8 /* Pods-Cardee.release.xcconfig */ = {isa = PBXFileReference; includeInIndex = 1; lastKnownFileType = text.xcconfig; name = "Pods-Cardee.release.xcconfig"; path = "Pods/Target Support Files/Pods-Cardee/Pods-Cardee.release.xcconfig"; sourceTree = "<group>"; };
		795EA90E1F13A94900752A68 /* Info.plist */ = {isa = PBXFileReference; fileEncoding = 4; lastKnownFileType = text.plist.xml; path = Info.plist; sourceTree = "<group>"; };
		C56DFBB096498260E3F2FDBD /* Pods_Cardee.framework */ = {isa = PBXFileReference; explicitFileType = wrapper.framework; includeInIndex = 0; path = Pods_Cardee.framework; sourceTree = BUILT_PRODUCTS_DIR; };
		D8E59CFEF8ECE584958F598A /* Pods-Cardee.debug.xcconfig */ = {isa = PBXFileReference; includeInIndex = 1; lastKnownFileType = text.xcconfig; name = "Pods-Cardee.debug.xcconfig"; path = "Pods/Target Support Files/Pods-Cardee/Pods-Cardee.debug.xcconfig"; sourceTree = "<group>"; };
		E80BD61F1EE9596800775CE6 /* Car.swift */ = {isa = PBXFileReference; fileEncoding = 4; lastKnownFileType = sourcecode.swift; path = Car.swift; sourceTree = "<group>"; };
		E80CAC841EBB08530087B919 /* CardeeViewController.swift */ = {isa = PBXFileReference; fileEncoding = 4; lastKnownFileType = sourcecode.swift; path = CardeeViewController.swift; sourceTree = "<group>"; };
		E80CAC871EBB0A3C0087B919 /* MyCarsViewController.swift */ = {isa = PBXFileReference; fileEncoding = 4; lastKnownFileType = sourcecode.swift; path = MyCarsViewController.swift; sourceTree = "<group>"; };
		E80CAC8B1EBB0B030087B919 /* CarTableViewCell.swift */ = {isa = PBXFileReference; fileEncoding = 4; lastKnownFileType = sourcecode.swift; path = CarTableViewCell.swift; sourceTree = "<group>"; };
		E80CAC8E1EBB52A40087B919 /* Mazda.jpg */ = {isa = PBXFileReference; lastKnownFileType = image.jpeg; path = Mazda.jpg; sourceTree = "<group>"; };
		E81437F81EEFE4000089E919 /* EditDetailRentalDeliveryRatesTableViewController.swift */ = {isa = PBXFileReference; fileEncoding = 4; lastKnownFileType = sourcecode.swift; path = EditDetailRentalDeliveryRatesTableViewController.swift; sourceTree = "<group>"; };
		E81437FA1EF023370089E919 /* EditDetailRentalRatesTableViewController.swift */ = {isa = PBXFileReference; fileEncoding = 4; lastKnownFileType = sourcecode.swift; path = EditDetailRentalRatesTableViewController.swift; sourceTree = "<group>"; };
		E81437FC1EF03BFD0089E919 /* EditDetailRentalFuelPolicyTableViewController.swift */ = {isa = PBXFileReference; fileEncoding = 4; lastKnownFileType = sourcecode.swift; path = EditDetailRentalFuelPolicyTableViewController.swift; sourceTree = "<group>"; };
		E82193E71EE7020A00D14753 /* Methods.swift */ = {isa = PBXFileReference; fileEncoding = 4; lastKnownFileType = sourcecode.swift; path = Methods.swift; sourceTree = "<group>"; };
		E82193EA1EE7F63600D14753 /* OwnerProfile.swift */ = {isa = PBXFileReference; fileEncoding = 4; lastKnownFileType = sourcecode.swift; path = OwnerProfile.swift; sourceTree = "<group>"; };
		E82193ED1EE7F7F600D14753 /* SimpleCar.swift */ = {isa = PBXFileReference; fileEncoding = 4; lastKnownFileType = sourcecode.swift; path = SimpleCar.swift; sourceTree = "<group>"; };
		E82193EF1EE8181800D14753 /* CardeeTabBarController.swift */ = {isa = PBXFileReference; fileEncoding = 4; lastKnownFileType = sourcecode.swift; path = CardeeTabBarController.swift; sourceTree = "<group>"; };
		E823DDB21EBE0C5B006C92DF /* AddCarViewController.swift */ = {isa = PBXFileReference; fileEncoding = 4; lastKnownFileType = sourcecode.swift; path = AddCarViewController.swift; sourceTree = "<group>"; };
		E823DDB61EBE0D6D006C92DF /* AddCarTableViewCell.swift */ = {isa = PBXFileReference; fileEncoding = 4; lastKnownFileType = sourcecode.swift; path = AddCarTableViewCell.swift; sourceTree = "<group>"; };
		E823DDB81EBE235E006C92DF /* AddVehicleTypeViewController.swift */ = {isa = PBXFileReference; fileEncoding = 4; lastKnownFileType = sourcecode.swift; path = AddVehicleTypeViewController.swift; sourceTree = "<group>"; };
		E823DDBA1EBE3268006C92DF /* VehicleTypeTableViewCell.swift */ = {isa = PBXFileReference; fileEncoding = 4; lastKnownFileType = sourcecode.swift; path = VehicleTypeTableViewCell.swift; sourceTree = "<group>"; };
		E823DDBC1EBE459A006C92DF /* NextButtonObject.swift */ = {isa = PBXFileReference; fileEncoding = 4; lastKnownFileType = sourcecode.swift; path = NextButtonObject.swift; sourceTree = "<group>"; };
		E823DDBE1EBE47A2006C92DF /* NextButtonView.swift */ = {isa = PBXFileReference; fileEncoding = 4; lastKnownFileType = sourcecode.swift; path = NextButtonView.swift; sourceTree = "<group>"; };
		E823DDC11EBF69B4006C92DF /* InsuranceInfoViewController.swift */ = {isa = PBXFileReference; fileEncoding = 4; lastKnownFileType = sourcecode.swift; path = InsuranceInfoViewController.swift; sourceTree = "<group>"; };
		E823DDC31EBF6A53006C92DF /* InsuranceInfoTableViewCell.swift */ = {isa = PBXFileReference; fileEncoding = 4; lastKnownFileType = sourcecode.swift; path = InsuranceInfoTableViewCell.swift; sourceTree = "<group>"; };
		E823DDC61EBF79A1006C92DF /* InsuranceInfoExampleTableViewCell.swift */ = {isa = PBXFileReference; fileEncoding = 4; lastKnownFileType = sourcecode.swift; path = InsuranceInfoExampleTableViewCell.swift; sourceTree = "<group>"; };
		E823DDC81EBF86CD006C92DF /* AddCarInfoViewController.swift */ = {isa = PBXFileReference; fileEncoding = 4; lastKnownFileType = sourcecode.swift; path = AddCarInfoViewController.swift; sourceTree = "<group>"; };
		E823DDCA1EBF87ED006C92DF /* AddCarInfoTableViewCell.swift */ = {isa = PBXFileReference; fileEncoding = 4; lastKnownFileType = sourcecode.swift; path = AddCarInfoTableViewCell.swift; sourceTree = "<group>"; };
		E823DDCC1EBFA6EA006C92DF /* AddCarVerificationImageViewController.swift */ = {isa = PBXFileReference; fileEncoding = 4; lastKnownFileType = sourcecode.swift; path = AddCarVerificationImageViewController.swift; sourceTree = "<group>"; };
		E823DDD11EBFB592006C92DF /* AddCarLocationViewController.swift */ = {isa = PBXFileReference; fileEncoding = 4; lastKnownFileType = sourcecode.swift; path = AddCarLocationViewController.swift; sourceTree = "<group>"; };
		E823DDD41EC04F24006C92DF /* CarLocationView.swift */ = {isa = PBXFileReference; fileEncoding = 4; lastKnownFileType = sourcecode.swift; path = CarLocationView.swift; sourceTree = "<group>"; };
		E823DDD61EC05503006C92DF /* HideExactLocationView.swift */ = {isa = PBXFileReference; fileEncoding = 4; lastKnownFileType = sourcecode.swift; path = HideExactLocationView.swift; sourceTree = "<group>"; };
		E823DDDA1EC09651006C92DF /* AddDocumentsTableViewCell.swift */ = {isa = PBXFileReference; fileEncoding = 4; lastKnownFileType = sourcecode.swift; path = AddDocumentsTableViewCell.swift; sourceTree = "<group>"; };
		E823DDDC1EC09C67006C92DF /* AddCarDocumentsViewController.swift */ = {isa = PBXFileReference; fileEncoding = 4; lastKnownFileType = sourcecode.swift; path = AddCarDocumentsViewController.swift; sourceTree = "<group>"; };
		E823DDDE1EC0AAA7006C92DF /* AddPersonalDocumentsViewController.swift */ = {isa = PBXFileReference; fileEncoding = 4; lastKnownFileType = sourcecode.swift; path = AddPersonalDocumentsViewController.swift; sourceTree = "<group>"; };
		E823DDE01EC0B466006C92DF /* AddContactInfoViewController.swift */ = {isa = PBXFileReference; fileEncoding = 4; lastKnownFileType = sourcecode.swift; path = AddContactInfoViewController.swift; sourceTree = "<group>"; };
		E8255AA91ECDD9B00030AFA7 /* MoreProfileViewController.swift */ = {isa = PBXFileReference; fileEncoding = 4; lastKnownFileType = sourcecode.swift; path = MoreProfileViewController.swift; sourceTree = "<group>"; };
		E8255AAC1ECDDA090030AFA7 /* ProfileHeaderTableViewCell.swift */ = {isa = PBXFileReference; fileEncoding = 4; lastKnownFileType = sourcecode.swift; path = ProfileHeaderTableViewCell.swift; sourceTree = "<group>"; };
		E8255AAE1ECDDA290030AFA7 /* ProfileListItemTableViewCell.swift */ = {isa = PBXFileReference; fileEncoding = 4; lastKnownFileType = sourcecode.swift; path = ProfileListItemTableViewCell.swift; sourceTree = "<group>"; };
		E8255AB21ECEDE050030AFA7 /* RenterProfileViewController.swift */ = {isa = PBXFileReference; fileEncoding = 4; lastKnownFileType = sourcecode.swift; path = RenterProfileViewController.swift; sourceTree = "<group>"; };
		E8255AB61ECEDECE0030AFA7 /* RenterProfileHeaderTableViewCell.swift */ = {isa = PBXFileReference; fileEncoding = 4; lastKnownFileType = sourcecode.swift; path = RenterProfileHeaderTableViewCell.swift; sourceTree = "<group>"; };
		E82825391EF12A9D0031778B /* EditRentalTermsRequirementsTableViewController.swift */ = {isa = PBXFileReference; fileEncoding = 4; lastKnownFileType = sourcecode.swift; path = EditRentalTermsRequirementsTableViewController.swift; sourceTree = "<group>"; };
		E828253B1EF1396C0031778B /* EditRentaTermsTableViewController.swift */ = {isa = PBXFileReference; fileEncoding = 4; lastKnownFileType = sourcecode.swift; path = EditRentaTermsTableViewController.swift; sourceTree = "<group>"; };
		E82DA8EF1EFD1034005E257A /* CAPSPageMenu.swift */ = {isa = PBXFileReference; fileEncoding = 4; lastKnownFileType = sourcecode.swift; name = CAPSPageMenu.swift; path = Classes/CAPSPageMenu.swift; sourceTree = "<group>"; };
		E82DA8F01EFD1034005E257A /* CAPSPageMenu+Options.swift */ = {isa = PBXFileReference; fileEncoding = 4; lastKnownFileType = sourcecode.swift; name = "CAPSPageMenu+Options.swift"; path = "Classes/CAPSPageMenu+Options.swift"; sourceTree = "<group>"; };
		E82DA8F11EFD1034005E257A /* CAPSPageMenu+UIConfiguration.swift */ = {isa = PBXFileReference; fileEncoding = 4; lastKnownFileType = sourcecode.swift; name = "CAPSPageMenu+UIConfiguration.swift"; path = "Classes/CAPSPageMenu+UIConfiguration.swift"; sourceTree = "<group>"; };
		E82DA8F21EFD1034005E257A /* CAPSPageMenu+UIGestureRecognizerDelegate.swift */ = {isa = PBXFileReference; fileEncoding = 4; lastKnownFileType = sourcecode.swift; name = "CAPSPageMenu+UIGestureRecognizerDelegate.swift"; path = "Classes/CAPSPageMenu+UIGestureRecognizerDelegate.swift"; sourceTree = "<group>"; };
		E82DA8F31EFD1034005E257A /* CAPSPageMenu+UIScrollViewDelegate.swift */ = {isa = PBXFileReference; fileEncoding = 4; lastKnownFileType = sourcecode.swift; name = "CAPSPageMenu+UIScrollViewDelegate.swift"; path = "Classes/CAPSPageMenu+UIScrollViewDelegate.swift"; sourceTree = "<group>"; };
		E82DA8F41EFD1034005E257A /* CAPSPageMenuConfiguration.swift */ = {isa = PBXFileReference; fileEncoding = 4; lastKnownFileType = sourcecode.swift; name = CAPSPageMenuConfiguration.swift; path = Classes/CAPSPageMenuConfiguration.swift; sourceTree = "<group>"; };
		E82DA8F51EFD1034005E257A /* MenuItemView.swift */ = {isa = PBXFileReference; fileEncoding = 4; lastKnownFileType = sourcecode.swift; name = MenuItemView.swift; path = Classes/MenuItemView.swift; sourceTree = "<group>"; };
		E82DA8F61EFD1034005E257A /* Info.plist */ = {isa = PBXFileReference; fileEncoding = 4; lastKnownFileType = text.plist.xml; path = Info.plist; sourceTree = "<group>"; };
		E82DA8F71EFD1034005E257A /* PageMenu.modulemap */ = {isa = PBXFileReference; fileEncoding = 4; lastKnownFileType = "sourcecode.module-map"; path = PageMenu.modulemap; sourceTree = "<group>"; };
		E82DA8F81EFD1034005E257A /* PageMenu.xcconfig */ = {isa = PBXFileReference; fileEncoding = 4; lastKnownFileType = text.xcconfig; path = PageMenu.xcconfig; sourceTree = "<group>"; };
		E82DA8F91EFD1034005E257A /* PageMenu-dummy.m */ = {isa = PBXFileReference; fileEncoding = 4; lastKnownFileType = sourcecode.c.objc; path = "PageMenu-dummy.m"; sourceTree = "<group>"; };
		E82DA8FA1EFD1034005E257A /* PageMenu-prefix.pch */ = {isa = PBXFileReference; fileEncoding = 4; lastKnownFileType = sourcecode.c.h; path = "PageMenu-prefix.pch"; sourceTree = "<group>"; };
		E82DA8FB1EFD1034005E257A /* PageMenu-umbrella.h */ = {isa = PBXFileReference; fileEncoding = 4; lastKnownFileType = sourcecode.c.h; path = "PageMenu-umbrella.h"; sourceTree = "<group>"; };
		E82DA9081EFD1062005E257A /* FSCalendar.h */ = {isa = PBXFileReference; fileEncoding = 4; lastKnownFileType = sourcecode.c.h; name = FSCalendar.h; path = FSCalendar/FSCalendar.h; sourceTree = "<group>"; };
		E82DA9091EFD1062005E257A /* FSCalendar.m */ = {isa = PBXFileReference; fileEncoding = 4; lastKnownFileType = sourcecode.c.objc; name = FSCalendar.m; path = FSCalendar/FSCalendar.m; sourceTree = "<group>"; };
		E82DA90A1EFD1062005E257A /* FSCalendar+Deprecated.m */ = {isa = PBXFileReference; fileEncoding = 4; lastKnownFileType = sourcecode.c.objc; name = "FSCalendar+Deprecated.m"; path = "FSCalendar/FSCalendar+Deprecated.m"; sourceTree = "<group>"; };
		E82DA90B1EFD1062005E257A /* FSCalendarAppearance.h */ = {isa = PBXFileReference; fileEncoding = 4; lastKnownFileType = sourcecode.c.h; name = FSCalendarAppearance.h; path = FSCalendar/FSCalendarAppearance.h; sourceTree = "<group>"; };
		E82DA90C1EFD1062005E257A /* FSCalendarAppearance.m */ = {isa = PBXFileReference; fileEncoding = 4; lastKnownFileType = sourcecode.c.objc; name = FSCalendarAppearance.m; path = FSCalendar/FSCalendarAppearance.m; sourceTree = "<group>"; };
		E82DA90D1EFD1062005E257A /* FSCalendarCalculator.h */ = {isa = PBXFileReference; fileEncoding = 4; lastKnownFileType = sourcecode.c.h; name = FSCalendarCalculator.h; path = FSCalendar/FSCalendarCalculator.h; sourceTree = "<group>"; };
		E82DA90E1EFD1062005E257A /* FSCalendarCalculator.m */ = {isa = PBXFileReference; fileEncoding = 4; lastKnownFileType = sourcecode.c.objc; name = FSCalendarCalculator.m; path = FSCalendar/FSCalendarCalculator.m; sourceTree = "<group>"; };
		E82DA90F1EFD1062005E257A /* FSCalendarCell.h */ = {isa = PBXFileReference; fileEncoding = 4; lastKnownFileType = sourcecode.c.h; name = FSCalendarCell.h; path = FSCalendar/FSCalendarCell.h; sourceTree = "<group>"; };
		E82DA9101EFD1062005E257A /* FSCalendarCell.m */ = {isa = PBXFileReference; fileEncoding = 4; lastKnownFileType = sourcecode.c.objc; name = FSCalendarCell.m; path = FSCalendar/FSCalendarCell.m; sourceTree = "<group>"; };
		E82DA9111EFD1062005E257A /* FSCalendarCollectionView.h */ = {isa = PBXFileReference; fileEncoding = 4; lastKnownFileType = sourcecode.c.h; name = FSCalendarCollectionView.h; path = FSCalendar/FSCalendarCollectionView.h; sourceTree = "<group>"; };
		E82DA9121EFD1062005E257A /* FSCalendarCollectionView.m */ = {isa = PBXFileReference; fileEncoding = 4; lastKnownFileType = sourcecode.c.objc; name = FSCalendarCollectionView.m; path = FSCalendar/FSCalendarCollectionView.m; sourceTree = "<group>"; };
		E82DA9131EFD1062005E257A /* FSCalendarCollectionViewLayout.h */ = {isa = PBXFileReference; fileEncoding = 4; lastKnownFileType = sourcecode.c.h; name = FSCalendarCollectionViewLayout.h; path = FSCalendar/FSCalendarCollectionViewLayout.h; sourceTree = "<group>"; };
		E82DA9141EFD1062005E257A /* FSCalendarCollectionViewLayout.m */ = {isa = PBXFileReference; fileEncoding = 4; lastKnownFileType = sourcecode.c.objc; name = FSCalendarCollectionViewLayout.m; path = FSCalendar/FSCalendarCollectionViewLayout.m; sourceTree = "<group>"; };
		E82DA9151EFD1062005E257A /* FSCalendarConstants.h */ = {isa = PBXFileReference; fileEncoding = 4; lastKnownFileType = sourcecode.c.h; name = FSCalendarConstants.h; path = FSCalendar/FSCalendarConstants.h; sourceTree = "<group>"; };
		E82DA9161EFD1062005E257A /* FSCalendarConstants.m */ = {isa = PBXFileReference; fileEncoding = 4; lastKnownFileType = sourcecode.c.objc; name = FSCalendarConstants.m; path = FSCalendar/FSCalendarConstants.m; sourceTree = "<group>"; };
		E82DA9171EFD1062005E257A /* FSCalendarDelegationFactory.h */ = {isa = PBXFileReference; fileEncoding = 4; lastKnownFileType = sourcecode.c.h; name = FSCalendarDelegationFactory.h; path = FSCalendar/FSCalendarDelegationFactory.h; sourceTree = "<group>"; };
		E82DA9181EFD1062005E257A /* FSCalendarDelegationFactory.m */ = {isa = PBXFileReference; fileEncoding = 4; lastKnownFileType = sourcecode.c.objc; name = FSCalendarDelegationFactory.m; path = FSCalendar/FSCalendarDelegationFactory.m; sourceTree = "<group>"; };
		E82DA9191EFD1062005E257A /* FSCalendarDelegationProxy.h */ = {isa = PBXFileReference; fileEncoding = 4; lastKnownFileType = sourcecode.c.h; name = FSCalendarDelegationProxy.h; path = FSCalendar/FSCalendarDelegationProxy.h; sourceTree = "<group>"; };
		E82DA91A1EFD1062005E257A /* FSCalendarDelegationProxy.m */ = {isa = PBXFileReference; fileEncoding = 4; lastKnownFileType = sourcecode.c.objc; name = FSCalendarDelegationProxy.m; path = FSCalendar/FSCalendarDelegationProxy.m; sourceTree = "<group>"; };
		E82DA91B1EFD1062005E257A /* FSCalendarDynamicHeader.h */ = {isa = PBXFileReference; fileEncoding = 4; lastKnownFileType = sourcecode.c.h; name = FSCalendarDynamicHeader.h; path = FSCalendar/FSCalendarDynamicHeader.h; sourceTree = "<group>"; };
		E82DA91C1EFD1062005E257A /* FSCalendarExtensions.h */ = {isa = PBXFileReference; fileEncoding = 4; lastKnownFileType = sourcecode.c.h; name = FSCalendarExtensions.h; path = FSCalendar/FSCalendarExtensions.h; sourceTree = "<group>"; };
		E82DA91D1EFD1062005E257A /* FSCalendarExtensions.m */ = {isa = PBXFileReference; fileEncoding = 4; lastKnownFileType = sourcecode.c.objc; name = FSCalendarExtensions.m; path = FSCalendar/FSCalendarExtensions.m; sourceTree = "<group>"; };
		E82DA91E1EFD1062005E257A /* FSCalendarHeaderView.h */ = {isa = PBXFileReference; fileEncoding = 4; lastKnownFileType = sourcecode.c.h; name = FSCalendarHeaderView.h; path = FSCalendar/FSCalendarHeaderView.h; sourceTree = "<group>"; };
		E82DA91F1EFD1062005E257A /* FSCalendarHeaderView.m */ = {isa = PBXFileReference; fileEncoding = 4; lastKnownFileType = sourcecode.c.objc; name = FSCalendarHeaderView.m; path = FSCalendar/FSCalendarHeaderView.m; sourceTree = "<group>"; };
		E82DA9201EFD1062005E257A /* FSCalendarScopeHandle.h */ = {isa = PBXFileReference; fileEncoding = 4; lastKnownFileType = sourcecode.c.h; name = FSCalendarScopeHandle.h; path = FSCalendar/FSCalendarScopeHandle.h; sourceTree = "<group>"; };
		E82DA9211EFD1062005E257A /* FSCalendarScopeHandle.m */ = {isa = PBXFileReference; fileEncoding = 4; lastKnownFileType = sourcecode.c.objc; name = FSCalendarScopeHandle.m; path = FSCalendar/FSCalendarScopeHandle.m; sourceTree = "<group>"; };
		E82DA9221EFD1062005E257A /* FSCalendarStickyHeader.h */ = {isa = PBXFileReference; fileEncoding = 4; lastKnownFileType = sourcecode.c.h; name = FSCalendarStickyHeader.h; path = FSCalendar/FSCalendarStickyHeader.h; sourceTree = "<group>"; };
		E82DA9231EFD1062005E257A /* FSCalendarStickyHeader.m */ = {isa = PBXFileReference; fileEncoding = 4; lastKnownFileType = sourcecode.c.objc; name = FSCalendarStickyHeader.m; path = FSCalendar/FSCalendarStickyHeader.m; sourceTree = "<group>"; };
		E82DA9241EFD1062005E257A /* FSCalendarTransitionCoordinator.h */ = {isa = PBXFileReference; fileEncoding = 4; lastKnownFileType = sourcecode.c.h; name = FSCalendarTransitionCoordinator.h; path = FSCalendar/FSCalendarTransitionCoordinator.h; sourceTree = "<group>"; };
		E82DA9251EFD1062005E257A /* FSCalendarTransitionCoordinator.m */ = {isa = PBXFileReference; fileEncoding = 4; lastKnownFileType = sourcecode.c.objc; name = FSCalendarTransitionCoordinator.m; path = FSCalendar/FSCalendarTransitionCoordinator.m; sourceTree = "<group>"; };
		E82DA9261EFD1062005E257A /* FSCalendarWeekdayView.h */ = {isa = PBXFileReference; fileEncoding = 4; lastKnownFileType = sourcecode.c.h; name = FSCalendarWeekdayView.h; path = FSCalendar/FSCalendarWeekdayView.h; sourceTree = "<group>"; };
		E82DA9271EFD1062005E257A /* FSCalendarWeekdayView.m */ = {isa = PBXFileReference; fileEncoding = 4; lastKnownFileType = sourcecode.c.objc; name = FSCalendarWeekdayView.m; path = FSCalendar/FSCalendarWeekdayView.m; sourceTree = "<group>"; };
		E82DA9281EFD1062005E257A /* FSCalendar.modulemap */ = {isa = PBXFileReference; fileEncoding = 4; lastKnownFileType = "sourcecode.module-map"; path = FSCalendar.modulemap; sourceTree = "<group>"; };
		E82DA9291EFD1062005E257A /* FSCalendar.xcconfig */ = {isa = PBXFileReference; fileEncoding = 4; lastKnownFileType = text.xcconfig; path = FSCalendar.xcconfig; sourceTree = "<group>"; };
		E82DA92A1EFD1062005E257A /* FSCalendar-dummy.m */ = {isa = PBXFileReference; fileEncoding = 4; lastKnownFileType = sourcecode.c.objc; path = "FSCalendar-dummy.m"; sourceTree = "<group>"; };
		E82DA92B1EFD1062005E257A /* FSCalendar-prefix.pch */ = {isa = PBXFileReference; fileEncoding = 4; lastKnownFileType = sourcecode.c.h; path = "FSCalendar-prefix.pch"; sourceTree = "<group>"; };
		E82DA92C1EFD1062005E257A /* FSCalendar-umbrella.h */ = {isa = PBXFileReference; fileEncoding = 4; lastKnownFileType = sourcecode.c.h; path = "FSCalendar-umbrella.h"; sourceTree = "<group>"; };
		E82DA92D1EFD1062005E257A /* Info.plist */ = {isa = PBXFileReference; fileEncoding = 4; lastKnownFileType = text.plist.xml; path = Info.plist; sourceTree = "<group>"; };
		E82ECFA01EB090F600685F0F /* SignUpView.swift */ = {isa = PBXFileReference; fileEncoding = 4; lastKnownFileType = sourcecode.swift; path = SignUpView.swift; sourceTree = "<group>"; };
		E85E28081EE572AC00438789 /* AlamofireManager.swift */ = {isa = PBXFileReference; fileEncoding = 4; lastKnownFileType = sourcecode.swift; path = AlamofireManager.swift; sourceTree = "<group>"; };
		E85E280A1EE6886E00438789 /* NetworkingConstants.swift */ = {isa = PBXFileReference; fileEncoding = 4; lastKnownFileType = sourcecode.swift; path = NetworkingConstants.swift; sourceTree = "<group>"; };
		E85E280C1EE6889600438789 /* CustomTypes.swift */ = {isa = PBXFileReference; fileEncoding = 4; lastKnownFileType = sourcecode.swift; path = CustomTypes.swift; sourceTree = "<group>"; };
		E85E280E1EE688C800438789 /* ControllersConstants.swift */ = {isa = PBXFileReference; fileEncoding = 4; lastKnownFileType = sourcecode.swift; path = ControllersConstants.swift; sourceTree = "<group>"; };
		E85E28111EE69A8500438789 /* CardeeAlert.swift */ = {isa = PBXFileReference; fileEncoding = 4; lastKnownFileType = sourcecode.swift; path = CardeeAlert.swift; sourceTree = "<group>"; };
		E85E28131EE6AE2800438789 /* Cardee.entitlements */ = {isa = PBXFileReference; lastKnownFileType = text.plist.entitlements; path = Cardee.entitlements; sourceTree = "<group>"; };
		E85E28141EE6C61E00438789 /* GoogleService-Info.plist */ = {isa = PBXFileReference; fileEncoding = 4; lastKnownFileType = text.plist.xml; path = "GoogleService-Info.plist"; sourceTree = "<group>"; };
		E862A1C91ED4237C00AE84FF /* SettingsViewController.swift */ = {isa = PBXFileReference; fileEncoding = 4; lastKnownFileType = sourcecode.swift; path = SettingsViewController.swift; sourceTree = "<group>"; };
		E862A1CC1ED4273300AE84FF /* BrowseViewController.swift */ = {isa = PBXFileReference; fileEncoding = 4; lastKnownFileType = sourcecode.swift; path = BrowseViewController.swift; sourceTree = "<group>"; };
		E862A1CF1ED430F200AE84FF /* CalendarViewController.swift */ = {isa = PBXFileReference; fileEncoding = 4; lastKnownFileType = sourcecode.swift; path = CalendarViewController.swift; sourceTree = "<group>"; };
		E862A1D11ED4318700AE84FF /* Cardee-Bridging-Header.h */ = {isa = PBXFileReference; lastKnownFileType = sourcecode.c.h; path = "Cardee-Bridging-Header.h"; sourceTree = "<group>"; };
		E862A1D51ED43E6900AE84FF /* DIYCalendarCell.swift */ = {isa = PBXFileReference; fileEncoding = 4; lastKnownFileType = sourcecode.swift; path = DIYCalendarCell.swift; sourceTree = "<group>"; };
		E8665E981EF3CF60001380B1 /* EditRentalRatesWrapperViewController.swift */ = {isa = PBXFileReference; fileEncoding = 4; lastKnownFileType = sourcecode.swift; path = EditRentalRatesWrapperViewController.swift; sourceTree = "<group>"; };
		E8665E9B1EF3F608001380B1 /* EditFuelPolicyWrapperViewController.swift */ = {isa = PBXFileReference; fileEncoding = 4; lastKnownFileType = sourcecode.swift; path = EditFuelPolicyWrapperViewController.swift; sourceTree = "<group>"; };
		E873B6DF1ED308840031692E /* ButtonTableViewCell.swift */ = {isa = PBXFileReference; fileEncoding = 4; lastKnownFileType = sourcecode.swift; path = ButtonTableViewCell.swift; sourceTree = "<group>"; };
		E873B6E11ED30C4D0031692E /* PaymentMethodTableViewCell.swift */ = {isa = PBXFileReference; fileEncoding = 4; lastKnownFileType = sourcecode.swift; path = PaymentMethodTableViewCell.swift; sourceTree = "<group>"; };
		E87F35FC1EA6036D00AC4DA4 /* Cardee.app */ = {isa = PBXFileReference; explicitFileType = wrapper.application; includeInIndex = 0; path = Cardee.app; sourceTree = BUILT_PRODUCTS_DIR; };
		E87F35FF1EA6036D00AC4DA4 /* AppDelegate.swift */ = {isa = PBXFileReference; lastKnownFileType = sourcecode.swift; path = AppDelegate.swift; sourceTree = "<group>"; };
		E87F36011EA6036D00AC4DA4 /* LoginViewController.swift */ = {isa = PBXFileReference; lastKnownFileType = sourcecode.swift; path = LoginViewController.swift; sourceTree = "<group>"; };
		E87F36041EA6036D00AC4DA4 /* Base */ = {isa = PBXFileReference; lastKnownFileType = file.storyboard; name = Base; path = Base.lproj/Main.storyboard; sourceTree = "<group>"; };
		E87F36071EA6036D00AC4DA4 /* Cardee.xcdatamodel */ = {isa = PBXFileReference; lastKnownFileType = wrapper.xcdatamodel; path = Cardee.xcdatamodel; sourceTree = "<group>"; };
		E87F36091EA6036D00AC4DA4 /* Assets.xcassets */ = {isa = PBXFileReference; lastKnownFileType = folder.assetcatalog; path = Assets.xcassets; sourceTree = "<group>"; };
		E87F360C1EA6036D00AC4DA4 /* Base */ = {isa = PBXFileReference; lastKnownFileType = file.storyboard; name = Base; path = Base.lproj/LaunchScreen.storyboard; sourceTree = "<group>"; };
		E87F36161EA6059500AC4DA4 /* LoginView.swift */ = {isa = PBXFileReference; fileEncoding = 4; lastKnownFileType = sourcecode.swift; path = LoginView.swift; sourceTree = "<group>"; };
		E87F361A1EA6060C00AC4DA4 /* GlobalConstants.swift */ = {isa = PBXFileReference; fileEncoding = 4; lastKnownFileType = sourcecode.swift; path = GlobalConstants.swift; sourceTree = "<group>"; };
		E87F361D1EA6112500AC4DA4 /* LoginTextField.swift */ = {isa = PBXFileReference; fileEncoding = 4; lastKnownFileType = sourcecode.swift; path = LoginTextField.swift; sourceTree = "<group>"; };
		E87F361F1EA62A7100AC4DA4 /* SocianLoginView.swift */ = {isa = PBXFileReference; fileEncoding = 4; lastKnownFileType = sourcecode.swift; path = SocianLoginView.swift; sourceTree = "<group>"; };
		E87F36221EA62FF200AC4DA4 /* SocialButton.swift */ = {isa = PBXFileReference; fileEncoding = 4; lastKnownFileType = sourcecode.swift; path = SocialButton.swift; sourceTree = "<group>"; };
		E88013DC1ED2B4EE00F41CC2 /* AccountDetailsViewController.swift */ = {isa = PBXFileReference; fileEncoding = 4; lastKnownFileType = sourcecode.swift; path = AccountDetailsViewController.swift; sourceTree = "<group>"; };
		E88BC6821EDFD3C600199ECD /* EditDetailCarDescriptionViewController.swift */ = {isa = PBXFileReference; fileEncoding = 4; lastKnownFileType = sourcecode.swift; path = EditDetailCarDescriptionViewController.swift; sourceTree = "<group>"; };
		E88BC6841EDFDD6100199ECD /* EditDetailCarLocationViewController.swift */ = {isa = PBXFileReference; fileEncoding = 4; lastKnownFileType = sourcecode.swift; path = EditDetailCarLocationViewController.swift; sourceTree = "<group>"; };
		E88E3EEA1EB48BDC00D4AD16 /* LauncherViewController.swift */ = {isa = PBXFileReference; fileEncoding = 4; lastKnownFileType = sourcecode.swift; path = LauncherViewController.swift; sourceTree = "<group>"; };
		E8B21B621EB1D66C007E90A9 /* OwnerProfileViewController.swift */ = {isa = PBXFileReference; fileEncoding = 4; lastKnownFileType = sourcecode.swift; path = OwnerProfileViewController.swift; sourceTree = "<group>"; };
		E8B21B651EB1D7E0007E90A9 /* OwnerInfoTableViewCell.swift */ = {isa = PBXFileReference; fileEncoding = 4; lastKnownFileType = sourcecode.swift; path = OwnerInfoTableViewCell.swift; sourceTree = "<group>"; };
		E8B21B671EB1E3B1007E90A9 /* OwnerFeaturesView.swift */ = {isa = PBXFileReference; fileEncoding = 4; lastKnownFileType = sourcecode.swift; path = OwnerFeaturesView.swift; sourceTree = "<group>"; };
		E8C19C991EDEEE3B00BF59F7 /* DetailCarImageTableViewCell.swift */ = {isa = PBXFileReference; fileEncoding = 4; lastKnownFileType = sourcecode.swift; path = DetailCarImageTableViewCell.swift; sourceTree = "<group>"; };
		E8C19C9B1EDEEE6700BF59F7 /* DetailCarInfoTableViewCell.swift */ = {isa = PBXFileReference; fileEncoding = 4; lastKnownFileType = sourcecode.swift; path = DetailCarInfoTableViewCell.swift; sourceTree = "<group>"; };
		E8C19C9D1EDF0A9300BF59F7 /* DetailRentalViewController.swift */ = {isa = PBXFileReference; fileEncoding = 4; lastKnownFileType = sourcecode.swift; path = DetailRentalViewController.swift; sourceTree = "<group>"; };
		E8C19C9F1EDF411000BF59F7 /* DetailRentalAvailabilityTableViewCell.swift */ = {isa = PBXFileReference; fileEncoding = 4; lastKnownFileType = sourcecode.swift; path = DetailRentalAvailabilityTableViewCell.swift; sourceTree = "<group>"; };
		E8C19CA11EDF418100BF59F7 /* DetailRentalSettingsTableViewCell.swift */ = {isa = PBXFileReference; fileEncoding = 4; lastKnownFileType = sourcecode.swift; path = DetailRentalSettingsTableViewCell.swift; sourceTree = "<group>"; };
		E8C19CA31EDF41B000BF59F7 /* DetailRentalRatesTableViewCell.swift */ = {isa = PBXFileReference; fileEncoding = 4; lastKnownFileType = sourcecode.swift; path = DetailRentalRatesTableViewCell.swift; sourceTree = "<group>"; };
		E8C19CA51EDF41D700BF59F7 /* DetailRentalFuelTableViewCell.swift */ = {isa = PBXFileReference; fileEncoding = 4; lastKnownFileType = sourcecode.swift; path = DetailRentalFuelTableViewCell.swift; sourceTree = "<group>"; };
		E8C19CA71EDF420000BF59F7 /* DetailRentalTermsTableViewCell.swift */ = {isa = PBXFileReference; fileEncoding = 4; lastKnownFileType = sourcecode.swift; path = DetailRentalTermsTableViewCell.swift; sourceTree = "<group>"; };
		E8E30CB71EF80A5B000ED5F7 /* CardeePickerViewController.swift */ = {isa = PBXFileReference; fileEncoding = 4; lastKnownFileType = sourcecode.swift; path = CardeePickerViewController.swift; sourceTree = "<group>"; };
		E8E72AFD1EB309E900FEC460 /* OwnerDescriptionTableViewCell.swift */ = {isa = PBXFileReference; fileEncoding = 4; lastKnownFileType = sourcecode.swift; path = OwnerDescriptionTableViewCell.swift; sourceTree = "<group>"; };
		E8E72AFF1EB314B500FEC460 /* OwnerCarReviewTableViewCell.swift */ = {isa = PBXFileReference; fileEncoding = 4; lastKnownFileType = sourcecode.swift; path = OwnerCarReviewTableViewCell.swift; sourceTree = "<group>"; };
		E8E72B011EB32AE900FEC460 /* OwnerCarsCarouselTableViewCell.swift */ = {isa = PBXFileReference; fileEncoding = 4; lastKnownFileType = sourcecode.swift; path = OwnerCarsCarouselTableViewCell.swift; sourceTree = "<group>"; };
		E8E72B031EB3308900FEC460 /* CarCarouselView.swift */ = {isa = PBXFileReference; fileEncoding = 4; lastKnownFileType = sourcecode.swift; path = CarCarouselView.swift; sourceTree = "<group>"; };
		E8EC9F131EDDF86C004AF6A0 /* NewCar.swift */ = {isa = PBXFileReference; fileEncoding = 4; lastKnownFileType = sourcecode.swift; path = NewCar.swift; sourceTree = "<group>"; };
		E8EC9F171EDDFCF6004AF6A0 /* InsuranceInfo.swift */ = {isa = PBXFileReference; fileEncoding = 4; lastKnownFileType = sourcecode.swift; path = InsuranceInfo.swift; sourceTree = "<group>"; };
		E8EC9F191EDE86AA004AF6A0 /* CarInfo.swift */ = {isa = PBXFileReference; fileEncoding = 4; lastKnownFileType = sourcecode.swift; path = CarInfo.swift; sourceTree = "<group>"; };
		E8EC9F1B1EDEA09F004AF6A0 /* CarVerification.swift */ = {isa = PBXFileReference; fileEncoding = 4; lastKnownFileType = sourcecode.swift; path = CarVerification.swift; sourceTree = "<group>"; };
		E8EC9F1D1EDEA9F6004AF6A0 /* CarLocation.swift */ = {isa = PBXFileReference; fileEncoding = 4; lastKnownFileType = sourcecode.swift; path = CarLocation.swift; sourceTree = "<group>"; };
		E8EC9F1F1EDEAE6B004AF6A0 /* CarDocuments.swift */ = {isa = PBXFileReference; fileEncoding = 4; lastKnownFileType = sourcecode.swift; path = CarDocuments.swift; sourceTree = "<group>"; };
		E8EC9F211EDEB651004AF6A0 /* PersonalDocuments.swift */ = {isa = PBXFileReference; fileEncoding = 4; lastKnownFileType = sourcecode.swift; path = PersonalDocuments.swift; sourceTree = "<group>"; };
		E8EC9F231EDEBDCA004AF6A0 /* ContactInfo.swift */ = {isa = PBXFileReference; fileEncoding = 4; lastKnownFileType = sourcecode.swift; path = ContactInfo.swift; sourceTree = "<group>"; };
		E8EC9F251EDEDEF1004AF6A0 /* VCViewController.swift */ = {isa = PBXFileReference; fileEncoding = 4; lastKnownFileType = sourcecode.swift; path = VCViewController.swift; sourceTree = "<group>"; };
		E8EC9F281EDEE5C7004AF6A0 /* DetailCarViewController.swift */ = {isa = PBXFileReference; fileEncoding = 4; lastKnownFileType = sourcecode.swift; path = DetailCarViewController.swift; sourceTree = "<group>"; };
/* End PBXFileReference section */

/* Begin PBXFrameworksBuildPhase section */
		E87F35F91EA6036D00AC4DA4 /* Frameworks */ = {
			isa = PBXFrameworksBuildPhase;
			buildActionMask = 2147483647;
			files = (
				E6C2E42BCADA0484D873AF0D /* Pods_Cardee.framework in Frameworks */,
			);
			runOnlyForDeploymentPostprocessing = 0;
		};
/* End PBXFrameworksBuildPhase section */

/* Begin PBXGroup section */
		0B53410537C83A1AB9BC07AE /* Pods */ = {
			isa = PBXGroup;
			children = (
				D8E59CFEF8ECE584958F598A /* Pods-Cardee.debug.xcconfig */,
				4732730EB245677CC1EE2BD8 /* Pods-Cardee.release.xcconfig */,
			);
			name = Pods;
			sourceTree = "<group>";
		};
		92324F2467F2CCB49AF1A331 /* Frameworks */ = {
			isa = PBXGroup;
			children = (
				C56DFBB096498260E3F2FDBD /* Pods_Cardee.framework */,
			);
			name = Frameworks;
			sourceTree = "<group>";
		};
		E80CAC831EBB08280087B919 /* General Controller */ = {
			isa = PBXGroup;
			children = (
				E80CAC841EBB08530087B919 /* CardeeViewController.swift */,
				E82193EF1EE8181800D14753 /* CardeeTabBarController.swift */,
			);
			name = "General Controller";
			sourceTree = "<group>";
		};
		E80CAC861EBB0A2B0087B919 /* My Cars */ = {
			isa = PBXGroup;
			children = (
				E80CAC891EBB0AE90087B919 /* Views */,
				E80CAC871EBB0A3C0087B919 /* MyCarsViewController.swift */,
			);
			name = "My Cars";
			sourceTree = "<group>";
		};
		E80CAC891EBB0AE90087B919 /* Views */ = {
			isa = PBXGroup;
			children = (
				E80CAC8A1EBB0AF20087B919 /* Cells */,
			);
			name = Views;
			sourceTree = "<group>";
		};
		E80CAC8A1EBB0AF20087B919 /* Cells */ = {
			isa = PBXGroup;
			children = (
				E80CAC8B1EBB0B030087B919 /* CarTableViewCell.swift */,
			);
			name = Cells;
			sourceTree = "<group>";
		};
		E80CAC8D1EBB52990087B919 /* Temp */ = {
			isa = PBXGroup;
			children = (
				E80CAC8E1EBB52A40087B919 /* Mazda.jpg */,
			);
			name = Temp;
			sourceTree = "<group>";
		};
		E81437F71EEFE3DF0089E919 /* Edit Detail Rental Info */ = {
			isa = PBXGroup;
			children = (
				E8665E9A1EF3D228001380B1 /* Wrappers */,
				E82825381EF12A7F0031778B /* Rental Terms */,
				E81437F81EEFE4000089E919 /* EditDetailRentalDeliveryRatesTableViewController.swift */,
				E81437FA1EF023370089E919 /* EditDetailRentalRatesTableViewController.swift */,
				E81437FC1EF03BFD0089E919 /* EditDetailRentalFuelPolicyTableViewController.swift */,
				E828253B1EF1396C0031778B /* EditRentaTermsTableViewController.swift */,
			);
			name = "Edit Detail Rental Info";
			sourceTree = "<group>";
		};
		E82193E61EE701FB00D14753 /* Methods */ = {
			isa = PBXGroup;
			children = (
				E82193E71EE7020A00D14753 /* Methods.swift */,
			);
			name = Methods;
			sourceTree = "<group>";
		};
		E82193E91EE7F62200D14753 /* Profiles */ = {
			isa = PBXGroup;
			children = (
				E82193EA1EE7F63600D14753 /* OwnerProfile.swift */,
			);
			name = Profiles;
			sourceTree = "<group>";
		};
		E82193EC1EE7F7EA00D14753 /* Cars */ = {
			isa = PBXGroup;
			children = (
				E82193ED1EE7F7F600D14753 /* SimpleCar.swift */,
				E80BD61F1EE9596800775CE6 /* Car.swift */,
			);
			name = Cars;
			sourceTree = "<group>";
		};
		E823DDB11EBE0B4C006C92DF /* Add Car */ = {
			isa = PBXGroup;
			children = (
				E823DDB41EBE0D4A006C92DF /* Views */,
				E823DDB21EBE0C5B006C92DF /* AddCarViewController.swift */,
				E823DDB81EBE235E006C92DF /* AddVehicleTypeViewController.swift */,
				E823DDC11EBF69B4006C92DF /* InsuranceInfoViewController.swift */,
				E823DDC81EBF86CD006C92DF /* AddCarInfoViewController.swift */,
				E823DDCC1EBFA6EA006C92DF /* AddCarVerificationImageViewController.swift */,
				E823DDD11EBFB592006C92DF /* AddCarLocationViewController.swift */,
				E823DDDC1EC09C67006C92DF /* AddCarDocumentsViewController.swift */,
				E823DDDE1EC0AAA7006C92DF /* AddPersonalDocumentsViewController.swift */,
				E823DDE01EC0B466006C92DF /* AddContactInfoViewController.swift */,
			);
			name = "Add Car";
			sourceTree = "<group>";
		};
		E823DDB41EBE0D4A006C92DF /* Views */ = {
			isa = PBXGroup;
			children = (
				E823DDB51EBE0D55006C92DF /* Cells */,
				E823DDD31EC04EFF006C92DF /* Car Location */,
				E823DDBE1EBE47A2006C92DF /* NextButtonView.swift */,
			);
			name = Views;
			sourceTree = "<group>";
		};
		E823DDB51EBE0D55006C92DF /* Cells */ = {
			isa = PBXGroup;
			children = (
				E823DDC51EBF797D006C92DF /* Insurance Info */,
				E823DDB61EBE0D6D006C92DF /* AddCarTableViewCell.swift */,
				E823DDBA1EBE3268006C92DF /* VehicleTypeTableViewCell.swift */,
				E823DDCA1EBF87ED006C92DF /* AddCarInfoTableViewCell.swift */,
				E823DDDA1EC09651006C92DF /* AddDocumentsTableViewCell.swift */,
			);
			name = Cells;
			sourceTree = "<group>";
		};
		E823DDC01EBE530C006C92DF /* Modules */ = {
			isa = PBXGroup;
			children = (
				E8E30CB51EF80A3B000ED5F7 /* Cardee Picker */,
				E82193E61EE701FB00D14753 /* Methods */,
				E85E28101EE69A3100438789 /* Alerts */,
				E823DDD01EBFA78B006C92DF /* Add Car */,
			);
			name = Modules;
			sourceTree = "<group>";
		};
		E823DDC51EBF797D006C92DF /* Insurance Info */ = {
			isa = PBXGroup;
			children = (
				E823DDC31EBF6A53006C92DF /* InsuranceInfoTableViewCell.swift */,
				E823DDC61EBF79A1006C92DF /* InsuranceInfoExampleTableViewCell.swift */,
			);
			name = "Insurance Info";
			sourceTree = "<group>";
		};
		E823DDD01EBFA78B006C92DF /* Add Car */ = {
			isa = PBXGroup;
			children = (
				E823DDBC1EBE459A006C92DF /* NextButtonObject.swift */,
			);
			name = "Add Car";
			sourceTree = "<group>";
		};
		E823DDD31EC04EFF006C92DF /* Car Location */ = {
			isa = PBXGroup;
			children = (
				E823DDD41EC04F24006C92DF /* CarLocationView.swift */,
				E823DDD61EC05503006C92DF /* HideExactLocationView.swift */,
			);
			name = "Car Location";
			sourceTree = "<group>";
		};
		E8255AA81ECDD9930030AFA7 /* More */ = {
			isa = PBXGroup;
			children = (
				E8255AAB1ECDD9F00030AFA7 /* Views */,
				E8255AA91ECDD9B00030AFA7 /* MoreProfileViewController.swift */,
			);
			name = More;
			sourceTree = "<group>";
		};
		E8255AAB1ECDD9F00030AFA7 /* Views */ = {
			isa = PBXGroup;
			children = (
				E8255AB01ECDDA360030AFA7 /* Cells */,
			);
			name = Views;
			sourceTree = "<group>";
		};
		E8255AB01ECDDA360030AFA7 /* Cells */ = {
			isa = PBXGroup;
			children = (
				E8255AAC1ECDDA090030AFA7 /* ProfileHeaderTableViewCell.swift */,
				E8255AAE1ECDDA290030AFA7 /* ProfileListItemTableViewCell.swift */,
			);
			name = Cells;
			sourceTree = "<group>";
		};
		E8255AB11ECEDDF00030AFA7 /* Renter Profile */ = {
			isa = PBXGroup;
			children = (
				E8255AB41ECEDEB30030AFA7 /* Views */,
				E8255AB21ECEDE050030AFA7 /* RenterProfileViewController.swift */,
				E88013DC1ED2B4EE00F41CC2 /* AccountDetailsViewController.swift */,
				E862A1C91ED4237C00AE84FF /* SettingsViewController.swift */,
			);
			name = "Renter Profile";
			sourceTree = "<group>";
		};
		E8255AB41ECEDEB30030AFA7 /* Views */ = {
			isa = PBXGroup;
			children = (
				E8255AB51ECEDEB70030AFA7 /* Cells */,
			);
			name = Views;
			sourceTree = "<group>";
		};
		E8255AB51ECEDEB70030AFA7 /* Cells */ = {
			isa = PBXGroup;
			children = (
				E8255AB61ECEDECE0030AFA7 /* RenterProfileHeaderTableViewCell.swift */,
				E873B6DF1ED308840031692E /* ButtonTableViewCell.swift */,
				E873B6E11ED30C4D0031692E /* PaymentMethodTableViewCell.swift */,
			);
			name = Cells;
			sourceTree = "<group>";
		};
		E82825381EF12A7F0031778B /* Rental Terms */ = {
			isa = PBXGroup;
			children = (
				E82825391EF12A9D0031778B /* EditRentalTermsRequirementsTableViewController.swift */,
			);
			name = "Rental Terms";
			sourceTree = "<group>";
		};
		E82DA8FC1EFD1034005E257A /* Support Files */ = {
			isa = PBXGroup;
			children = (
				E82DA8F61EFD1034005E257A /* Info.plist */,
				E82DA8F71EFD1034005E257A /* PageMenu.modulemap */,
				E82DA8F81EFD1034005E257A /* PageMenu.xcconfig */,
				E82DA8F91EFD1034005E257A /* PageMenu-dummy.m */,
				E82DA8FA1EFD1034005E257A /* PageMenu-prefix.pch */,
				E82DA8FB1EFD1034005E257A /* PageMenu-umbrella.h */,
			);
			name = "Support Files";
			path = "../Target Support Files/PageMenu";
			sourceTree = "<group>";
		};
		E82DA8FD1EFD1034005E257A /* PageMenu */ = {
			isa = PBXGroup;
			children = (
				E82DA8EF1EFD1034005E257A /* CAPSPageMenu.swift */,
				E82DA8F01EFD1034005E257A /* CAPSPageMenu+Options.swift */,
				E82DA8F11EFD1034005E257A /* CAPSPageMenu+UIConfiguration.swift */,
				E82DA8F21EFD1034005E257A /* CAPSPageMenu+UIGestureRecognizerDelegate.swift */,
				E82DA8F31EFD1034005E257A /* CAPSPageMenu+UIScrollViewDelegate.swift */,
				E82DA8F41EFD1034005E257A /* CAPSPageMenuConfiguration.swift */,
				E82DA8F51EFD1034005E257A /* MenuItemView.swift */,
				E82DA8FC1EFD1034005E257A /* Support Files */,
			);
			name = PageMenu;
			path = Pods/PageMenu;
			sourceTree = "<group>";
		};
		E82DA92E1EFD1062005E257A /* Support Files */ = {
			isa = PBXGroup;
			children = (
				E82DA9281EFD1062005E257A /* FSCalendar.modulemap */,
				E82DA9291EFD1062005E257A /* FSCalendar.xcconfig */,
				E82DA92A1EFD1062005E257A /* FSCalendar-dummy.m */,
				E82DA92B1EFD1062005E257A /* FSCalendar-prefix.pch */,
				E82DA92C1EFD1062005E257A /* FSCalendar-umbrella.h */,
				E82DA92D1EFD1062005E257A /* Info.plist */,
			);
			name = "Support Files";
			path = "../Target Support Files/FSCalendar";
			sourceTree = "<group>";
		};
		E82DA92F1EFD1062005E257A /* FSCalendar */ = {
			isa = PBXGroup;
			children = (
				E82DA9081EFD1062005E257A /* FSCalendar.h */,
				E82DA9091EFD1062005E257A /* FSCalendar.m */,
				E82DA90A1EFD1062005E257A /* FSCalendar+Deprecated.m */,
				E82DA90B1EFD1062005E257A /* FSCalendarAppearance.h */,
				E82DA90C1EFD1062005E257A /* FSCalendarAppearance.m */,
				E82DA90D1EFD1062005E257A /* FSCalendarCalculator.h */,
				E82DA90E1EFD1062005E257A /* FSCalendarCalculator.m */,
				E82DA90F1EFD1062005E257A /* FSCalendarCell.h */,
				E82DA9101EFD1062005E257A /* FSCalendarCell.m */,
				E82DA9111EFD1062005E257A /* FSCalendarCollectionView.h */,
				E82DA9121EFD1062005E257A /* FSCalendarCollectionView.m */,
				E82DA9131EFD1062005E257A /* FSCalendarCollectionViewLayout.h */,
				E82DA9141EFD1062005E257A /* FSCalendarCollectionViewLayout.m */,
				E82DA9151EFD1062005E257A /* FSCalendarConstants.h */,
				E82DA9161EFD1062005E257A /* FSCalendarConstants.m */,
				E82DA9171EFD1062005E257A /* FSCalendarDelegationFactory.h */,
				E82DA9181EFD1062005E257A /* FSCalendarDelegationFactory.m */,
				E82DA9191EFD1062005E257A /* FSCalendarDelegationProxy.h */,
				E82DA91A1EFD1062005E257A /* FSCalendarDelegationProxy.m */,
				E82DA91B1EFD1062005E257A /* FSCalendarDynamicHeader.h */,
				E82DA91C1EFD1062005E257A /* FSCalendarExtensions.h */,
				E82DA91D1EFD1062005E257A /* FSCalendarExtensions.m */,
				E82DA91E1EFD1062005E257A /* FSCalendarHeaderView.h */,
				E82DA91F1EFD1062005E257A /* FSCalendarHeaderView.m */,
				E82DA9201EFD1062005E257A /* FSCalendarScopeHandle.h */,
				E82DA9211EFD1062005E257A /* FSCalendarScopeHandle.m */,
				E82DA9221EFD1062005E257A /* FSCalendarStickyHeader.h */,
				E82DA9231EFD1062005E257A /* FSCalendarStickyHeader.m */,
				E82DA9241EFD1062005E257A /* FSCalendarTransitionCoordinator.h */,
				E82DA9251EFD1062005E257A /* FSCalendarTransitionCoordinator.m */,
				E82DA9261EFD1062005E257A /* FSCalendarWeekdayView.h */,
				E82DA9271EFD1062005E257A /* FSCalendarWeekdayView.m */,
				E82DA92E1EFD1062005E257A /* Support Files */,
			);
			name = FSCalendar;
			path = Pods/FSCalendar;
			sourceTree = "<group>";
		};
		E85E28071EE5729000438789 /* Networking */ = {
			isa = PBXGroup;
			children = (
				E85E28081EE572AC00438789 /* AlamofireManager.swift */,
			);
			name = Networking;
			sourceTree = "<group>";
		};
		E85E28101EE69A3100438789 /* Alerts */ = {
			isa = PBXGroup;
			children = (
				E85E28111EE69A8500438789 /* CardeeAlert.swift */,
			);
			name = Alerts;
			sourceTree = "<group>";
		};
		E862A1CB1ED4272100AE84FF /* Browse */ = {
			isa = PBXGroup;
			children = (
				E862A1CE1ED430E400AE84FF /* Calendar */,
				E862A1CC1ED4273300AE84FF /* BrowseViewController.swift */,
			);
			name = Browse;
			sourceTree = "<group>";
		};
		E862A1CE1ED430E400AE84FF /* Calendar */ = {
			isa = PBXGroup;
			children = (
				E862A1CF1ED430F200AE84FF /* CalendarViewController.swift */,
				E862A1D51ED43E6900AE84FF /* DIYCalendarCell.swift */,
			);
			name = Calendar;
			sourceTree = "<group>";
		};
		E8665E9A1EF3D228001380B1 /* Wrappers */ = {
			isa = PBXGroup;
			children = (
				E8665E981EF3CF60001380B1 /* EditRentalRatesWrapperViewController.swift */,
				E8665E9B1EF3F608001380B1 /* EditFuelPolicyWrapperViewController.swift */,
			);
			name = Wrappers;
			sourceTree = "<group>";
		};
		E87F35F31EA6036D00AC4DA4 = {
			isa = PBXGroup;
			children = (
				E87F35FE1EA6036D00AC4DA4 /* Cardee */,
				E82DA8FD1EFD1034005E257A /* PageMenu */,
				E82DA92F1EFD1062005E257A /* FSCalendar */,
				E87F35FD1EA6036D00AC4DA4 /* Products */,
				0B53410537C83A1AB9BC07AE /* Pods */,
				92324F2467F2CCB49AF1A331 /* Frameworks */,
			);
			sourceTree = "<group>";
		};
		E87F35FD1EA6036D00AC4DA4 /* Products */ = {
			isa = PBXGroup;
			children = (
				E87F35FC1EA6036D00AC4DA4 /* Cardee.app */,
			);
			name = Products;
			sourceTree = "<group>";
		};
		E87F35FE1EA6036D00AC4DA4 /* Cardee */ = {
			isa = PBXGroup;
			children = (
				E85E28131EE6AE2800438789 /* Cardee.entitlements */,
				E85E28071EE5729000438789 /* Networking */,
				E823DDC01EBE530C006C92DF /* Modules */,
				E80CAC8D1EBB52990087B919 /* Temp */,
				E87F36191EA605FE00AC4DA4 /* Helpers */,
				E87F36141EA6057200AC4DA4 /* Controllers */,
				E8EC9F121EDDF7DB004AF6A0 /* Models */,
				E87F35FF1EA6036D00AC4DA4 /* AppDelegate.swift */,
				E87F36031EA6036D00AC4DA4 /* Main.storyboard */,
				E87F36091EA6036D00AC4DA4 /* Assets.xcassets */,
				E87F360B1EA6036D00AC4DA4 /* LaunchScreen.storyboard */,
				E85E28141EE6C61E00438789 /* GoogleService-Info.plist */,
				E87F36061EA6036D00AC4DA4 /* Cardee.xcdatamodeld */,
				795EA90E1F13A94900752A68 /* Info.plist */,
				E862A1D11ED4318700AE84FF /* Cardee-Bridging-Header.h */,
				E8EC9F251EDEDEF1004AF6A0 /* VCViewController.swift */,
			);
			path = Cardee;
			sourceTree = "<group>";
		};
		E87F36141EA6057200AC4DA4 /* Controllers */ = {
			isa = PBXGroup;
			children = (
				E81437F71EEFE3DF0089E919 /* Edit Detail Rental Info */,
				E88BC6811EDFD3A700199ECD /* Edit Detail Car Info */,
				E8EC9F271EDEE5AC004AF6A0 /* Detailed Car */,
				E862A1CB1ED4272100AE84FF /* Browse */,
				E8255AB11ECEDDF00030AFA7 /* Renter Profile */,
				E8255AA81ECDD9930030AFA7 /* More */,
				E80CAC831EBB08280087B919 /* General Controller */,
				E88E3EE91EB48BC500D4AD16 /* Launcher */,
				E87F36151EA6058300AC4DA4 /* Login */,
				E8B21B611EB1D642007E90A9 /* Owner Profile */,
				E80CAC861EBB0A2B0087B919 /* My Cars */,
				E823DDB11EBE0B4C006C92DF /* Add Car */,
			);
			name = Controllers;
			sourceTree = "<group>";
		};
		E87F36151EA6058300AC4DA4 /* Login */ = {
			isa = PBXGroup;
			children = (
				E87F36011EA6036D00AC4DA4 /* LoginViewController.swift */,
				E87F36181EA6059E00AC4DA4 /* Views */,
			);
			name = Login;
			sourceTree = "<group>";
		};
		E87F36181EA6059E00AC4DA4 /* Views */ = {
			isa = PBXGroup;
			children = (
				E87F36241EA6311100AC4DA4 /* Textfield */,
				E87F36211EA62FDA00AC4DA4 /* Social View */,
				E87F36161EA6059500AC4DA4 /* LoginView.swift */,
				E82ECFA01EB090F600685F0F /* SignUpView.swift */,
			);
			name = Views;
			sourceTree = "<group>";
		};
		E87F36191EA605FE00AC4DA4 /* Helpers */ = {
			isa = PBXGroup;
			children = (
				E87F361A1EA6060C00AC4DA4 /* GlobalConstants.swift */,
				E85E280A1EE6886E00438789 /* NetworkingConstants.swift */,
				E85E280C1EE6889600438789 /* CustomTypes.swift */,
				E85E280E1EE688C800438789 /* ControllersConstants.swift */,
			);
			name = Helpers;
			sourceTree = "<group>";
		};
		E87F36211EA62FDA00AC4DA4 /* Social View */ = {
			isa = PBXGroup;
			children = (
				E87F361F1EA62A7100AC4DA4 /* SocianLoginView.swift */,
				E87F36221EA62FF200AC4DA4 /* SocialButton.swift */,
			);
			name = "Social View";
			sourceTree = "<group>";
		};
		E87F36241EA6311100AC4DA4 /* Textfield */ = {
			isa = PBXGroup;
			children = (
				E87F361D1EA6112500AC4DA4 /* LoginTextField.swift */,
			);
			name = Textfield;
			sourceTree = "<group>";
		};
		E88BC6811EDFD3A700199ECD /* Edit Detail Car Info */ = {
			isa = PBXGroup;
			children = (
				E88BC6821EDFD3C600199ECD /* EditDetailCarDescriptionViewController.swift */,
				E88BC6841EDFDD6100199ECD /* EditDetailCarLocationViewController.swift */,
			);
			name = "Edit Detail Car Info";
			sourceTree = "<group>";
		};
		E88E3EE91EB48BC500D4AD16 /* Launcher */ = {
			isa = PBXGroup;
			children = (
				E88E3EEA1EB48BDC00D4AD16 /* LauncherViewController.swift */,
			);
			name = Launcher;
			sourceTree = "<group>";
		};
		E8B21B611EB1D642007E90A9 /* Owner Profile */ = {
			isa = PBXGroup;
			children = (
				E8B21B641EB1D788007E90A9 /* Views */,
				E8B21B621EB1D66C007E90A9 /* OwnerProfileViewController.swift */,
			);
			name = "Owner Profile";
			sourceTree = "<group>";
		};
		E8B21B641EB1D788007E90A9 /* Views */ = {
			isa = PBXGroup;
			children = (
				E8E72AFC1EB309BF00FEC460 /* Cells */,
				E8B21B671EB1E3B1007E90A9 /* OwnerFeaturesView.swift */,
				E8E72B031EB3308900FEC460 /* CarCarouselView.swift */,
			);
			name = Views;
			sourceTree = "<group>";
		};
		E8C19C971EDEEE2300BF59F7 /* Views */ = {
			isa = PBXGroup;
			children = (
				E8C19C981EDEEE2900BF59F7 /* Cells */,
			);
			name = Views;
			sourceTree = "<group>";
		};
		E8C19C981EDEEE2900BF59F7 /* Cells */ = {
			isa = PBXGroup;
			children = (
				E8C19C991EDEEE3B00BF59F7 /* DetailCarImageTableViewCell.swift */,
				E8C19C9B1EDEEE6700BF59F7 /* DetailCarInfoTableViewCell.swift */,
				E8C19C9F1EDF411000BF59F7 /* DetailRentalAvailabilityTableViewCell.swift */,
				E8C19CA11EDF418100BF59F7 /* DetailRentalSettingsTableViewCell.swift */,
				E8C19CA31EDF41B000BF59F7 /* DetailRentalRatesTableViewCell.swift */,
				E8C19CA51EDF41D700BF59F7 /* DetailRentalFuelTableViewCell.swift */,
				E8C19CA71EDF420000BF59F7 /* DetailRentalTermsTableViewCell.swift */,
			);
			name = Cells;
			sourceTree = "<group>";
		};
		E8E30CB51EF80A3B000ED5F7 /* Cardee Picker */ = {
			isa = PBXGroup;
			children = (
				E8E30CB71EF80A5B000ED5F7 /* CardeePickerViewController.swift */,
			);
			name = "Cardee Picker";
			sourceTree = "<group>";
		};
		E8E72AFC1EB309BF00FEC460 /* Cells */ = {
			isa = PBXGroup;
			children = (
				E8B21B651EB1D7E0007E90A9 /* OwnerInfoTableViewCell.swift */,
				E8E72AFD1EB309E900FEC460 /* OwnerDescriptionTableViewCell.swift */,
				E8E72B011EB32AE900FEC460 /* OwnerCarsCarouselTableViewCell.swift */,
				E8E72AFF1EB314B500FEC460 /* OwnerCarReviewTableViewCell.swift */,
			);
			name = Cells;
			sourceTree = "<group>";
		};
		E8EC9F121EDDF7DB004AF6A0 /* Models */ = {
			isa = PBXGroup;
			children = (
				E82193EC1EE7F7EA00D14753 /* Cars */,
				E82193E91EE7F62200D14753 /* Profiles */,
				E8EC9F151EDDFCCE004AF6A0 /* New Car */,
			);
			name = Models;
			sourceTree = "<group>";
		};
		E8EC9F151EDDFCCE004AF6A0 /* New Car */ = {
			isa = PBXGroup;
			children = (
				E8EC9F161EDDFCDF004AF6A0 /* Data */,
				E8EC9F131EDDF86C004AF6A0 /* NewCar.swift */,
			);
			name = "New Car";
			sourceTree = "<group>";
		};
		E8EC9F161EDDFCDF004AF6A0 /* Data */ = {
			isa = PBXGroup;
			children = (
				E8EC9F171EDDFCF6004AF6A0 /* InsuranceInfo.swift */,
				E8EC9F191EDE86AA004AF6A0 /* CarInfo.swift */,
				E8EC9F1B1EDEA09F004AF6A0 /* CarVerification.swift */,
				E8EC9F1D1EDEA9F6004AF6A0 /* CarLocation.swift */,
				E8EC9F1F1EDEAE6B004AF6A0 /* CarDocuments.swift */,
				E8EC9F211EDEB651004AF6A0 /* PersonalDocuments.swift */,
				E8EC9F231EDEBDCA004AF6A0 /* ContactInfo.swift */,
			);
			name = Data;
			sourceTree = "<group>";
		};
		E8EC9F271EDEE5AC004AF6A0 /* Detailed Car */ = {
			isa = PBXGroup;
			children = (
				E8C19C971EDEEE2300BF59F7 /* Views */,
				E8C19C9D1EDF0A9300BF59F7 /* DetailRentalViewController.swift */,
				E8EC9F281EDEE5C7004AF6A0 /* DetailCarViewController.swift */,
			);
			name = "Detailed Car";
			sourceTree = "<group>";
		};
/* End PBXGroup section */

/* Begin PBXNativeTarget section */
		E87F35FB1EA6036D00AC4DA4 /* Cardee */ = {
			isa = PBXNativeTarget;
			buildConfigurationList = E87F36111EA6036D00AC4DA4 /* Build configuration list for PBXNativeTarget "Cardee" */;
			buildPhases = (
				AD38A0893C9F6E24C8EE3D4B /* [CP] Check Pods Manifest.lock */,
				E87F35F81EA6036D00AC4DA4 /* Sources */,
				E87F35F91EA6036D00AC4DA4 /* Frameworks */,
				E87F35FA1EA6036D00AC4DA4 /* Resources */,
				7F7E474686335EA1B31DFFC6 /* [CP] Embed Pods Frameworks */,
				5B2BBD435ADEE33BC0F36C9A /* [CP] Copy Pods Resources */,
				E8665E9D1EF42431001380B1 /* ShellScript */,
			);
			buildRules = (
			);
			dependencies = (
			);
			name = Cardee;
			productName = Cardee;
			productReference = E87F35FC1EA6036D00AC4DA4 /* Cardee.app */;
			productType = "com.apple.product-type.application";
		};
/* End PBXNativeTarget section */

/* Begin PBXProject section */
		E87F35F41EA6036D00AC4DA4 /* Project object */ = {
			isa = PBXProject;
			attributes = {
				LastSwiftUpdateCheck = 0830;
				LastUpgradeCheck = 0830;
				ORGANIZATIONNAME = "Alexander Lisovik";
				TargetAttributes = {
					E87F35FB1EA6036D00AC4DA4 = {
						CreatedOnToolsVersion = 8.3.1;
						DevelopmentTeam = 379294YDPQ;
						ProvisioningStyle = Automatic;
						SystemCapabilities = {
							com.apple.Keychain = {
								enabled = 1;
							};
						};
					};
				};
			};
			buildConfigurationList = E87F35F71EA6036D00AC4DA4 /* Build configuration list for PBXProject "Cardee" */;
			compatibilityVersion = "Xcode 3.2";
			developmentRegion = English;
			hasScannedForEncodings = 0;
			knownRegions = (
				en,
				Base,
			);
			mainGroup = E87F35F31EA6036D00AC4DA4;
			productRefGroup = E87F35FD1EA6036D00AC4DA4 /* Products */;
			projectDirPath = "";
			projectRoot = "";
			targets = (
				E87F35FB1EA6036D00AC4DA4 /* Cardee */,
			);
		};
/* End PBXProject section */

/* Begin PBXResourcesBuildPhase section */
		E87F35FA1EA6036D00AC4DA4 /* Resources */ = {
			isa = PBXResourcesBuildPhase;
			buildActionMask = 2147483647;
			files = (
				E87F360D1EA6036D00AC4DA4 /* LaunchScreen.storyboard in Resources */,
				E87F360A1EA6036D00AC4DA4 /* Assets.xcassets in Resources */,
				E82DA9421EFD1062005E257A /* Info.plist in Resources */,
				E82DA9051EFD1034005E257A /* Info.plist in Resources */,
				E85E28151EE6C61E00438789 /* GoogleService-Info.plist in Resources */,
				E80CAC8F1EBB52A40087B919 /* Mazda.jpg in Resources */,
				E82DA9401EFD1062005E257A /* FSCalendar.xcconfig in Resources */,
				E87F36051EA6036D00AC4DA4 /* Main.storyboard in Resources */,
				795EA90F1F13A94900752A68 /* Info.plist in Resources */,
				E82DA9061EFD1034005E257A /* PageMenu.xcconfig in Resources */,
			);
			runOnlyForDeploymentPostprocessing = 0;
		};
/* End PBXResourcesBuildPhase section */

/* Begin PBXShellScriptBuildPhase section */
		5B2BBD435ADEE33BC0F36C9A /* [CP] Copy Pods Resources */ = {
			isa = PBXShellScriptBuildPhase;
			buildActionMask = 2147483647;
			files = (
			);
			inputPaths = (
			);
			name = "[CP] Copy Pods Resources";
			outputPaths = (
			);
			runOnlyForDeploymentPostprocessing = 0;
			shellPath = /bin/sh;
			shellScript = "\"${SRCROOT}/Pods/Target Support Files/Pods-Cardee/Pods-Cardee-resources.sh\"\n";
			showEnvVarsInLog = 0;
		};
		7F7E474686335EA1B31DFFC6 /* [CP] Embed Pods Frameworks */ = {
			isa = PBXShellScriptBuildPhase;
			buildActionMask = 2147483647;
			files = (
			);
			inputPaths = (
			);
			name = "[CP] Embed Pods Frameworks";
			outputPaths = (
			);
			runOnlyForDeploymentPostprocessing = 0;
			shellPath = /bin/sh;
			shellScript = "\"${SRCROOT}/Pods/Target Support Files/Pods-Cardee/Pods-Cardee-frameworks.sh\"\n";
			showEnvVarsInLog = 0;
		};
		AD38A0893C9F6E24C8EE3D4B /* [CP] Check Pods Manifest.lock */ = {
			isa = PBXShellScriptBuildPhase;
			buildActionMask = 2147483647;
			files = (
			);
			inputPaths = (
			);
			name = "[CP] Check Pods Manifest.lock";
			outputPaths = (
			);
			runOnlyForDeploymentPostprocessing = 0;
			shellPath = /bin/sh;
			shellScript = "diff \"${PODS_PODFILE_DIR_PATH}/Podfile.lock\" \"${PODS_ROOT}/Manifest.lock\" > /dev/null\nif [ $? != 0 ] ; then\n    # print error to STDERR\n    echo \"error: The sandbox is not in sync with the Podfile.lock. Run 'pod install' or update your CocoaPods installation.\" >&2\n    exit 1\nfi\n";
			showEnvVarsInLog = 0;
		};
		E8665E9D1EF42431001380B1 /* ShellScript */ = {
			isa = PBXShellScriptBuildPhase;
			buildActionMask = 2147483647;
			files = (
			);
			inputPaths = (
			);
			outputPaths = (
			);
			runOnlyForDeploymentPostprocessing = 0;
			shellPath = /bin/sh;
			shellScript = "\"${PODS_ROOT}/Fabric/run\" 43cf398c31857524f204293af184783f906ebe32 2918b7f68a7c3b837bd6cad16b7f8ff0f5b7221bbe52ae3ad1ee8f1336ec4a85\n";
		};
/* End PBXShellScriptBuildPhase section */

/* Begin PBXSourcesBuildPhase section */
		E87F35F81EA6036D00AC4DA4 /* Sources */ = {
			isa = PBXSourcesBuildPhase;
			buildActionMask = 2147483647;
			files = (
				E823DDB71EBE0D6D006C92DF /* AddCarTableViewCell.swift in Sources */,
				E8C19CA01EDF411000BF59F7 /* DetailRentalAvailabilityTableViewCell.swift in Sources */,
				E823DDB31EBE0C5B006C92DF /* AddCarViewController.swift in Sources */,
				E82193EB1EE7F63600D14753 /* OwnerProfile.swift in Sources */,
				E82DA9321EFD1062005E257A /* FSCalendarAppearance.m in Sources */,
				E82DA93B1EFD1062005E257A /* FSCalendarHeaderView.m in Sources */,
				E8EC9F221EDEB651004AF6A0 /* PersonalDocuments.swift in Sources */,
				E8C19C9A1EDEEE3B00BF59F7 /* DetailCarImageTableViewCell.swift in Sources */,
				E8EC9F291EDEE5C7004AF6A0 /* DetailCarViewController.swift in Sources */,
				E8B21B631EB1D66C007E90A9 /* OwnerProfileViewController.swift in Sources */,
				E82DA93E1EFD1062005E257A /* FSCalendarTransitionCoordinator.m in Sources */,
				E8C19CA41EDF41B000BF59F7 /* DetailRentalRatesTableViewCell.swift in Sources */,
				E8C19C9C1EDEEE6700BF59F7 /* DetailCarInfoTableViewCell.swift in Sources */,
				E82DA9351EFD1062005E257A /* FSCalendarCollectionView.m in Sources */,
				E828253C1EF1396C0031778B /* EditRentaTermsTableViewController.swift in Sources */,
				E823DDBF1EBE47A2006C92DF /* NextButtonView.swift in Sources */,
				E85E280D1EE6889600438789 /* CustomTypes.swift in Sources */,
				E8255AAF1ECDDA290030AFA7 /* ProfileListItemTableViewCell.swift in Sources */,
				E82ECFA11EB090F600685F0F /* SignUpView.swift in Sources */,
				E82DA9001EFD1034005E257A /* CAPSPageMenu+UIConfiguration.swift in Sources */,
				E8E72B021EB32AE900FEC460 /* OwnerCarsCarouselTableViewCell.swift in Sources */,
				E87F361B1EA6060C00AC4DA4 /* GlobalConstants.swift in Sources */,
				E823DDDF1EC0AAA7006C92DF /* AddPersonalDocumentsViewController.swift in Sources */,
				E823DDBB1EBE3268006C92DF /* VehicleTypeTableViewCell.swift in Sources */,
				E87F36081EA6036D00AC4DA4 /* Cardee.xcdatamodeld in Sources */,
				E82DA9381EFD1062005E257A /* FSCalendarDelegationFactory.m in Sources */,
				E80CAC881EBB0A3C0087B919 /* MyCarsViewController.swift in Sources */,
				E8EC9F1C1EDEA09F004AF6A0 /* CarVerification.swift in Sources */,
				E82DA93C1EFD1062005E257A /* FSCalendarScopeHandle.m in Sources */,
				E88BC6831EDFD3C600199ECD /* EditDetailCarDescriptionViewController.swift in Sources */,
				E823DDCD1EBFA6EA006C92DF /* AddCarVerificationImageViewController.swift in Sources */,
				E82DA9311EFD1062005E257A /* FSCalendar+Deprecated.m in Sources */,
				E87F36021EA6036D00AC4DA4 /* LoginViewController.swift in Sources */,
				E8255AAA1ECDD9B00030AFA7 /* MoreProfileViewController.swift in Sources */,
				E82DA9361EFD1062005E257A /* FSCalendarCollectionViewLayout.m in Sources */,
				E87F36201EA62A7100AC4DA4 /* SocianLoginView.swift in Sources */,
				E82DA9071EFD1034005E257A /* PageMenu-dummy.m in Sources */,
				E82DA9331EFD1062005E257A /* FSCalendarCalculator.m in Sources */,
				E8EC9F1A1EDE86AA004AF6A0 /* CarInfo.swift in Sources */,
				E85E280B1EE6886E00438789 /* NetworkingConstants.swift in Sources */,
				E87F36231EA62FF200AC4DA4 /* SocialButton.swift in Sources */,
				E8EC9F181EDDFCF6004AF6A0 /* InsuranceInfo.swift in Sources */,
				E82193E81EE7020A00D14753 /* Methods.swift in Sources */,
				E82DA9391EFD1062005E257A /* FSCalendarDelegationProxy.m in Sources */,
				E823DDC91EBF86CD006C92DF /* AddCarInfoViewController.swift in Sources */,
				E8E30CB81EF80A5B000ED5F7 /* CardeePickerViewController.swift in Sources */,
				E85E28091EE572AC00438789 /* AlamofireManager.swift in Sources */,
				E8EC9F241EDEBDCA004AF6A0 /* ContactInfo.swift in Sources */,
				E88BC6851EDFDD6100199ECD /* EditDetailCarLocationViewController.swift in Sources */,
				E823DDC21EBF69B4006C92DF /* InsuranceInfoViewController.swift in Sources */,
				E873B6E01ED308840031692E /* ButtonTableViewCell.swift in Sources */,
				E82DA9031EFD1034005E257A /* CAPSPageMenuConfiguration.swift in Sources */,
				E862A1CD1ED4273300AE84FF /* BrowseViewController.swift in Sources */,
				E823DDE11EC0B466006C92DF /* AddContactInfoViewController.swift in Sources */,
				E8B21B681EB1E3B1007E90A9 /* OwnerFeaturesView.swift in Sources */,
				E81437FB1EF023370089E919 /* EditDetailRentalRatesTableViewController.swift in Sources */,
				E8EC9F141EDDF86C004AF6A0 /* NewCar.swift in Sources */,
				E80BD6201EE9596800775CE6 /* Car.swift in Sources */,
				E8EC9F1E1EDEA9F6004AF6A0 /* CarLocation.swift in Sources */,
				E8E72B001EB314B500FEC460 /* OwnerCarReviewTableViewCell.swift in Sources */,
				E8665E9C1EF3F608001380B1 /* EditFuelPolicyWrapperViewController.swift in Sources */,
				E82DA8FF1EFD1034005E257A /* CAPSPageMenu+Options.swift in Sources */,
				E82DA9011EFD1034005E257A /* CAPSPageMenu+UIGestureRecognizerDelegate.swift in Sources */,
				E862A1CA1ED4237C00AE84FF /* SettingsViewController.swift in Sources */,
				E823DDD71EC05503006C92DF /* HideExactLocationView.swift in Sources */,
				E82DA93D1EFD1062005E257A /* FSCalendarStickyHeader.m in Sources */,
				E823DDD51EC04F24006C92DF /* CarLocationView.swift in Sources */,
				E8255AAD1ECDDA090030AFA7 /* ProfileHeaderTableViewCell.swift in Sources */,
				E8C19C9E1EDF0A9300BF59F7 /* DetailRentalViewController.swift in Sources */,
				E862A1D61ED43E6900AE84FF /* DIYCalendarCell.swift in Sources */,
				E81437F91EEFE4000089E919 /* EditDetailRentalDeliveryRatesTableViewController.swift in Sources */,
				E81437FD1EF03BFD0089E919 /* EditDetailRentalFuelPolicyTableViewController.swift in Sources */,
				E823DDB91EBE235E006C92DF /* AddVehicleTypeViewController.swift in Sources */,
				E8EC9F201EDEAE6B004AF6A0 /* CarDocuments.swift in Sources */,
				E82DA9341EFD1062005E257A /* FSCalendarCell.m in Sources */,
				E8C19CA21EDF418100BF59F7 /* DetailRentalSettingsTableViewCell.swift in Sources */,
				E82DA93A1EFD1062005E257A /* FSCalendarExtensions.m in Sources */,
				E88013DD1ED2B4EE00F41CC2 /* AccountDetailsViewController.swift in Sources */,
				E82DA93F1EFD1062005E257A /* FSCalendarWeekdayView.m in Sources */,
				E8C19CA61EDF41D700BF59F7 /* DetailRentalFuelTableViewCell.swift in Sources */,
				E862A1D01ED430F200AE84FF /* CalendarViewController.swift in Sources */,
				E82DA9411EFD1062005E257A /* FSCalendar-dummy.m in Sources */,
				E82DA8FE1EFD1034005E257A /* CAPSPageMenu.swift in Sources */,
				E88E3EEB1EB48BDC00D4AD16 /* LauncherViewController.swift in Sources */,
				E82193F01EE8181800D14753 /* CardeeTabBarController.swift in Sources */,
				E823DDDD1EC09C67006C92DF /* AddCarDocumentsViewController.swift in Sources */,
				E823DDC71EBF79A1006C92DF /* InsuranceInfoExampleTableViewCell.swift in Sources */,
				E8B21B661EB1D7E0007E90A9 /* OwnerInfoTableViewCell.swift in Sources */,
				E82DA9021EFD1034005E257A /* CAPSPageMenu+UIScrollViewDelegate.swift in Sources */,
				E8255AB71ECEDECE0030AFA7 /* RenterProfileHeaderTableViewCell.swift in Sources */,
				E8E72AFE1EB309E900FEC460 /* OwnerDescriptionTableViewCell.swift in Sources */,
				E80CAC8C1EBB0B030087B919 /* CarTableViewCell.swift in Sources */,
				E82DA9041EFD1034005E257A /* MenuItemView.swift in Sources */,
				E8665E991EF3CF60001380B1 /* EditRentalRatesWrapperViewController.swift in Sources */,
				E8C19CA81EDF420000BF59F7 /* DetailRentalTermsTableViewCell.swift in Sources */,
				E87F361E1EA6112500AC4DA4 /* LoginTextField.swift in Sources */,
				E85E280F1EE688C800438789 /* ControllersConstants.swift in Sources */,
				E823DDCB1EBF87ED006C92DF /* AddCarInfoTableViewCell.swift in Sources */,
				E8EC9F261EDEDEF1004AF6A0 /* VCViewController.swift in Sources */,
				E87F36171EA6059500AC4DA4 /* LoginView.swift in Sources */,
				E82DA9371EFD1062005E257A /* FSCalendarConstants.m in Sources */,
				E87F36001EA6036D00AC4DA4 /* AppDelegate.swift in Sources */,
				E823DDC41EBF6A53006C92DF /* InsuranceInfoTableViewCell.swift in Sources */,
				E828253A1EF12A9D0031778B /* EditRentalTermsRequirementsTableViewController.swift in Sources */,
				E85E28121EE69A8500438789 /* CardeeAlert.swift in Sources */,
				E823DDD21EBFB592006C92DF /* AddCarLocationViewController.swift in Sources */,
				E823DDDB1EC09651006C92DF /* AddDocumentsTableViewCell.swift in Sources */,
				E82193EE1EE7F7F600D14753 /* SimpleCar.swift in Sources */,
				E82DA9301EFD1062005E257A /* FSCalendar.m in Sources */,
				E873B6E21ED30C4D0031692E /* PaymentMethodTableViewCell.swift in Sources */,
				E8255AB31ECEDE050030AFA7 /* RenterProfileViewController.swift in Sources */,
				E80CAC851EBB08530087B919 /* CardeeViewController.swift in Sources */,
				E8E72B041EB3308900FEC460 /* CarCarouselView.swift in Sources */,
				E823DDBD1EBE459A006C92DF /* NextButtonObject.swift in Sources */,
			);
			runOnlyForDeploymentPostprocessing = 0;
		};
/* End PBXSourcesBuildPhase section */

/* Begin PBXVariantGroup section */
		E87F36031EA6036D00AC4DA4 /* Main.storyboard */ = {
			isa = PBXVariantGroup;
			children = (
				E87F36041EA6036D00AC4DA4 /* Base */,
			);
			name = Main.storyboard;
			sourceTree = "<group>";
		};
		E87F360B1EA6036D00AC4DA4 /* LaunchScreen.storyboard */ = {
			isa = PBXVariantGroup;
			children = (
				E87F360C1EA6036D00AC4DA4 /* Base */,
			);
			name = LaunchScreen.storyboard;
			sourceTree = "<group>";
		};
/* End PBXVariantGroup section */

/* Begin XCBuildConfiguration section */
		E87F360F1EA6036D00AC4DA4 /* Debug */ = {
			isa = XCBuildConfiguration;
			buildSettings = {
				ALWAYS_SEARCH_USER_PATHS = NO;
				CLANG_ANALYZER_NONNULL = YES;
				CLANG_ANALYZER_NUMBER_OBJECT_CONVERSION = YES_AGGRESSIVE;
				CLANG_CXX_LANGUAGE_STANDARD = "gnu++0x";
				CLANG_CXX_LIBRARY = "libc++";
				CLANG_ENABLE_MODULES = YES;
				CLANG_ENABLE_OBJC_ARC = YES;
				CLANG_WARN_BOOL_CONVERSION = YES;
				CLANG_WARN_CONSTANT_CONVERSION = YES;
				CLANG_WARN_DIRECT_OBJC_ISA_USAGE = YES_ERROR;
				CLANG_WARN_DOCUMENTATION_COMMENTS = YES;
				CLANG_WARN_EMPTY_BODY = YES;
				CLANG_WARN_ENUM_CONVERSION = YES;
				CLANG_WARN_INFINITE_RECURSION = YES;
				CLANG_WARN_INT_CONVERSION = YES;
				CLANG_WARN_OBJC_ROOT_CLASS = YES_ERROR;
				CLANG_WARN_SUSPICIOUS_MOVE = YES;
				CLANG_WARN_UNREACHABLE_CODE = YES;
				CLANG_WARN__DUPLICATE_METHOD_MATCH = YES;
				"CODE_SIGN_IDENTITY[sdk=iphoneos*]" = "iPhone Developer";
				COPY_PHASE_STRIP = NO;
				DEBUG_INFORMATION_FORMAT = dwarf;
				ENABLE_STRICT_OBJC_MSGSEND = YES;
				ENABLE_TESTABILITY = YES;
				GCC_C_LANGUAGE_STANDARD = gnu99;
				GCC_DYNAMIC_NO_PIC = NO;
				GCC_NO_COMMON_BLOCKS = YES;
				GCC_OPTIMIZATION_LEVEL = 0;
				GCC_PREPROCESSOR_DEFINITIONS = (
					"DEBUG=1",
					"$(inherited)",
				);
				GCC_WARN_64_TO_32_BIT_CONVERSION = YES;
				GCC_WARN_ABOUT_RETURN_TYPE = YES_ERROR;
				GCC_WARN_UNDECLARED_SELECTOR = YES;
				GCC_WARN_UNINITIALIZED_AUTOS = YES_AGGRESSIVE;
				GCC_WARN_UNUSED_FUNCTION = YES;
				GCC_WARN_UNUSED_VARIABLE = YES;
				IPHONEOS_DEPLOYMENT_TARGET = 10.3;
				MTL_ENABLE_DEBUG_INFO = YES;
				ONLY_ACTIVE_ARCH = YES;
				SDKROOT = iphoneos;
				SWIFT_ACTIVE_COMPILATION_CONDITIONS = DEBUG;
				SWIFT_OBJC_BRIDGING_HEADER = "";
				SWIFT_OPTIMIZATION_LEVEL = "-Onone";
				TARGETED_DEVICE_FAMILY = "1,2";
			};
			name = Debug;
		};
		E87F36101EA6036D00AC4DA4 /* Release */ = {
			isa = XCBuildConfiguration;
			buildSettings = {
				ALWAYS_SEARCH_USER_PATHS = NO;
				CLANG_ANALYZER_NONNULL = YES;
				CLANG_ANALYZER_NUMBER_OBJECT_CONVERSION = YES_AGGRESSIVE;
				CLANG_CXX_LANGUAGE_STANDARD = "gnu++0x";
				CLANG_CXX_LIBRARY = "libc++";
				CLANG_ENABLE_MODULES = YES;
				CLANG_ENABLE_OBJC_ARC = YES;
				CLANG_WARN_BOOL_CONVERSION = YES;
				CLANG_WARN_CONSTANT_CONVERSION = YES;
				CLANG_WARN_DIRECT_OBJC_ISA_USAGE = YES_ERROR;
				CLANG_WARN_DOCUMENTATION_COMMENTS = YES;
				CLANG_WARN_EMPTY_BODY = YES;
				CLANG_WARN_ENUM_CONVERSION = YES;
				CLANG_WARN_INFINITE_RECURSION = YES;
				CLANG_WARN_INT_CONVERSION = YES;
				CLANG_WARN_OBJC_ROOT_CLASS = YES_ERROR;
				CLANG_WARN_SUSPICIOUS_MOVE = YES;
				CLANG_WARN_UNREACHABLE_CODE = YES;
				CLANG_WARN__DUPLICATE_METHOD_MATCH = YES;
				"CODE_SIGN_IDENTITY[sdk=iphoneos*]" = "iPhone Developer";
				COPY_PHASE_STRIP = NO;
				DEBUG_INFORMATION_FORMAT = "dwarf-with-dsym";
				ENABLE_NS_ASSERTIONS = NO;
				ENABLE_STRICT_OBJC_MSGSEND = YES;
				GCC_C_LANGUAGE_STANDARD = gnu99;
				GCC_NO_COMMON_BLOCKS = YES;
				GCC_WARN_64_TO_32_BIT_CONVERSION = YES;
				GCC_WARN_ABOUT_RETURN_TYPE = YES_ERROR;
				GCC_WARN_UNDECLARED_SELECTOR = YES;
				GCC_WARN_UNINITIALIZED_AUTOS = YES_AGGRESSIVE;
				GCC_WARN_UNUSED_FUNCTION = YES;
				GCC_WARN_UNUSED_VARIABLE = YES;
				IPHONEOS_DEPLOYMENT_TARGET = 10.3;
				MTL_ENABLE_DEBUG_INFO = NO;
				SDKROOT = iphoneos;
				SWIFT_OBJC_BRIDGING_HEADER = "";
				SWIFT_OPTIMIZATION_LEVEL = "-Owholemodule";
				TARGETED_DEVICE_FAMILY = "1,2";
				VALIDATE_PRODUCT = YES;
			};
			name = Release;
		};
		E87F36121EA6036D00AC4DA4 /* Debug */ = {
			isa = XCBuildConfiguration;
			baseConfigurationReference = D8E59CFEF8ECE584958F598A /* Pods-Cardee.debug.xcconfig */;
			buildSettings = {
				ASSETCATALOG_COMPILER_APPICON_NAME = AppIcon;
				CODE_SIGN_ENTITLEMENTS = Cardee/Cardee.entitlements;
				"CODE_SIGN_IDENTITY[sdk=iphoneos*]" = "iPhone Developer";
				DEVELOPMENT_TEAM = 379294YDPQ;
				INFOPLIST_FILE = Cardee/Info.plist;
				IPHONEOS_DEPLOYMENT_TARGET = 10.0;
				LD_RUNPATH_SEARCH_PATHS = "$(inherited) @executable_path/Frameworks";
				PRODUCT_BUNDLE_IDENTIFIER = co.cardee.mobile;
				PRODUCT_NAME = "$(TARGET_NAME)";
				PROVISIONING_PROFILE_SPECIFIER = "";
				SWIFT_OBJC_BRIDGING_HEADER = "./Cardee/Cardee-Bridging-Header.h";
				SWIFT_VERSION = 3.0;
			};
			name = Debug;
		};
		E87F36131EA6036D00AC4DA4 /* Release */ = {
			isa = XCBuildConfiguration;
			baseConfigurationReference = 4732730EB245677CC1EE2BD8 /* Pods-Cardee.release.xcconfig */;
			buildSettings = {
				ASSETCATALOG_COMPILER_APPICON_NAME = AppIcon;
				CODE_SIGN_ENTITLEMENTS = Cardee/Cardee.entitlements;
				"CODE_SIGN_IDENTITY[sdk=iphoneos*]" = "iPhone Developer";
				DEVELOPMENT_TEAM = 379294YDPQ;
				INFOPLIST_FILE = Cardee/Info.plist;
				IPHONEOS_DEPLOYMENT_TARGET = 10.0;
				LD_RUNPATH_SEARCH_PATHS = "$(inherited) @executable_path/Frameworks";
				PRODUCT_BUNDLE_IDENTIFIER = co.cardee.mobile;
				PRODUCT_NAME = "$(TARGET_NAME)";
				PROVISIONING_PROFILE_SPECIFIER = "";
				SWIFT_OBJC_BRIDGING_HEADER = "./Cardee/Cardee-Bridging-Header.h";
				SWIFT_VERSION = 3.0;
			};
			name = Release;
		};
/* End XCBuildConfiguration section */

/* Begin XCConfigurationList section */
		E87F35F71EA6036D00AC4DA4 /* Build configuration list for PBXProject "Cardee" */ = {
			isa = XCConfigurationList;
			buildConfigurations = (
				E87F360F1EA6036D00AC4DA4 /* Debug */,
				E87F36101EA6036D00AC4DA4 /* Release */,
			);
			defaultConfigurationIsVisible = 0;
			defaultConfigurationName = Release;
		};
		E87F36111EA6036D00AC4DA4 /* Build configuration list for PBXNativeTarget "Cardee" */ = {
			isa = XCConfigurationList;
			buildConfigurations = (
				E87F36121EA6036D00AC4DA4 /* Debug */,
				E87F36131EA6036D00AC4DA4 /* Release */,
			);
			defaultConfigurationIsVisible = 0;
			defaultConfigurationName = Release;
		};
/* End XCConfigurationList section */

/* Begin XCVersionGroup section */
		E87F36061EA6036D00AC4DA4 /* Cardee.xcdatamodeld */ = {
			isa = XCVersionGroup;
			children = (
				E87F36071EA6036D00AC4DA4 /* Cardee.xcdatamodel */,
			);
			currentVersion = E87F36071EA6036D00AC4DA4 /* Cardee.xcdatamodel */;
			path = Cardee.xcdatamodeld;
			sourceTree = "<group>";
			versionGroupType = wrapper.xcdatamodel;
		};
/* End XCVersionGroup section */
	};
	rootObject = E87F35F41EA6036D00AC4DA4 /* Project object */;
}
